PODS:
  - ffmpeg-kit-ios (6.0.1-local-min)
  - hprose (2.0.3)

DEPENDENCIES:
  - ffmpeg-kit-ios (from `Vendor/ffmpeg-kit-ios-min`)
  - hprose (= 2.0.3)

SPEC REPOS:
  trunk:
    - hprose

EXTERNAL SOURCES:
  ffmpeg-kit-ios:
    :path: Vendor/ffmpeg-kit-ios-min

SPEC CHECKSUMS:
  ffmpeg-kit-ios: b3229fc2feb48420f8ae6f7805e9d940f2b0b926
  hprose: 8b021625ba6ce9e4e2ae8eeb7170be89bf5ffc1a

PODFILE CHECKSUM: 3fa4028587052927e9bc3656bdb0e6f8875c419d

COCOAPODS: 1.16.2
