// !$*UTF8*$!
{
	archiveVersion = 1;
	classes = {
	};
	objectVersion = 56;
	objects = {

/* Begin PBXBuildFile section */
		1A1A1A1A1A1A1A1A1A1A1A1A /* TweetApp.swift in Sources */ = {isa = PBXBuildFile; fileRef = 1A1A1A1A1A1A1A1A1A1A1A1B /* TweetApp.swift */; };
		1A1A1A1A1A1A1A1A1A1A1A1C /* ContentView.swift in Sources */ = {isa = PBXBuildFile; fileRef = 1A1A1A1A1A1A1A1A1A1A1A1D /* ContentView.swift */; };
		1A1A1A1A1A1A1A1A1A1A1A1E /* Tweet.swift in Sources */ = {isa = PBXBuildFile; fileRef = 1A1A1A1A1A1A1A1A1A1A1A1F /* Tweet.swift */; };
		1A1A1A1A1A1A1A1A1A1A1A24 /* HomeViewModel.swift in Sources */ = {isa = PBXBuildFile; fileRef = 1A1A1A1A1A1A1A1A1A1A1A25 /* HomeViewModel.swift */; };
		1A1A1A1A1A1A1A1A1A1A1A26 /* ComposeTweetView.swift in Sources */ = {isa = PBXBuildFile; fileRef = 1A1A1A1A1A1A1A1A1A1A1A27 /* ComposeTweetView.swift */; };
		1A1A1A1A1A1A1A1A1A1A1A28 /* ComposeTweetViewModel.swift in Sources */ = {isa = PBXBuildFile; fileRef = 1A1A1A1A1A1A1A1A1A1A1A29 /* ComposeTweetViewModel.swift */; };
		1A1A1A1A1A1A1A1A1A1A1A2A /* PollCreationView.swift in Sources */ = {isa = PBXBuildFile; fileRef = 1A1A1A1A1A1A1A1A1A1A1A2B /* PollCreationView.swift */; };
		1A1A1A1A1A1A1A1A1A1A1A2C /* LocationPickerView.swift in Sources */ = {isa = PBXBuildFile; fileRef = 1A1A1A1A1A1A1A1A1A1A1A2D /* LocationPickerView.swift */; };
		1C8EC478C6D1F6DB861107CF /* Pods_Tweet.framework in Frameworks */ = {isa = PBXBuildFile; fileRef = 83423F5E23BD65E924B7AD86 /* Pods_Tweet.framework */; };
		4608E2D82DD5CA640051A92D /* HproseInstance.swift in Sources */ = {isa = PBXBuildFile; fileRef = 4608E2D72DD5CA640051A92D /* HproseInstance.swift */; };
		4608E2DA2DD5CD920051A92D /* User.swift in Sources */ = {isa = PBXBuildFile; fileRef = 4608E2D92DD5CD920051A92D /* User.swift */; };
		4642A1D92DD5E93900A20E19 /* MimeiFileType.swift in Sources */ = {isa = PBXBuildFile; fileRef = 4642A1D82DD5E93800A20E19 /* MimeiFileType.swift */; };
		4642A1DB2DD61FBC00A20E19 /* PreferenceHelper.swift in Sources */ = {isa = PBXBuildFile; fileRef = 4642A1DA2DD61FBC00A20E19 /* PreferenceHelper.swift */; };
		4642A1DD2DD62CCB00A20E19 /* Gadget.swift in Sources */ = {isa = PBXBuildFile; fileRef = 4642A1DC2DD62CCB00A20E19 /* Gadget.swift */; };
		46704DE22DD8CF07001D69B9 /* MediaType.swift in Sources */ = {isa = PBXBuildFile; fileRef = 46704DE12DD8CEF7001D69B9 /* MediaType.swift */; };
		46E5B3022DD9FC3B00AEF31F /* ProfileView.swift in Sources */ = {isa = PBXBuildFile; fileRef = 46E5B3012DD9FC3B00AEF31F /* ProfileView.swift */; };
		46E5B32B2DDA038E00AEF31F /* AppConfig.swift in Sources */ = {isa = PBXBuildFile; fileRef = 46E5B32A2DDA038E00AEF31F /* AppConfig.swift */; };
		46E5B32D2DDA045B00AEF31F /* AppHeaderView.swift in Sources */ = {isa = PBXBuildFile; fileRef = 46E5B32C2DDA045B00AEF31F /* AppHeaderView.swift */; };
		46E5B3302DDA048500AEF31F /* UserViewModel.swift in Sources */ = {isa = PBXBuildFile; fileRef = 46E5B32E2DDA048500AEF31F /* UserViewModel.swift */; };
		46E5B3322DDA1AF500AEF31F /* Assets.xcassets in Resources */ = {isa = PBXBuildFile; fileRef = 46E5B3312DDA1AF500AEF31F /* Assets.xcassets */; };
		46E5B33A2DDA315700AEF31F /* RecommendedTweetView.swift in Sources */ = {isa = PBXBuildFile; fileRef = 46E5B3362DDA315700AEF31F /* RecommendedTweetView.swift */; };
		46E5B33B2DDA315700AEF31F /* TweetItemView.swift in Sources */ = {isa = PBXBuildFile; fileRef = 46E5B3382DDA315700AEF31F /* TweetItemView.swift */; };
		46E5B33C2DDA315700AEF31F /* FollowingsTweetView.swift in Sources */ = {isa = PBXBuildFile; fileRef = 46E5B3352DDA315700AEF31F /* FollowingsTweetView.swift */; };
		46E5B33D2DDA315700AEF31F /* TabButton.swift in Sources */ = {isa = PBXBuildFile; fileRef = 46E5B3372DDA315700AEF31F /* TabButton.swift */; };
		46E5B3422DDAB74400AEF31F /* TweetActionButtonsView.swift in Sources */ = {isa = PBXBuildFile; fileRef = 46E5B33E2DDAB74400AEF31F /* TweetActionButtonsView.swift */; };
		46E5B3432DDAB74400AEF31F /* TweetBodyView.swift in Sources */ = {isa = PBXBuildFile; fileRef = 46E5B33F2DDAB74400AEF31F /* TweetBodyView.swift */; };
		46E5B3442DDAB74400AEF31F /* TweetHeaderView.swift in Sources */ = {isa = PBXBuildFile; fileRef = 46E5B3402DDAB74400AEF31F /* TweetHeaderView.swift */; };
		46E5B3472DDC0CFB00AEF31F /* Avatar.swift in Sources */ = {isa = PBXBuildFile; fileRef = 46E5B3462DDC0CF500AEF31F /* Avatar.swift */; };
		46E5B3492DDC0F6900AEF31F /* MediaGridView.swift in Sources */ = {isa = PBXBuildFile; fileRef = 46E5B3482DDC0F5B00AEF31F /* MediaGridView.swift */; };
		46E5B34B2DDC155600AEF31F /* MediaCell.swift in Sources */ = {isa = PBXBuildFile; fileRef = 46E5B34A2DDC155200AEF31F /* MediaCell.swift */; };
/* End PBXBuildFile section */

/* Begin PBXFileReference section */
		1A1A1A1A1A1A1A1A1A1A1A01 /* Tweet.app */ = {isa = PBXFileReference; explicitFileType = wrapper.application; includeInIndex = 0; path = Tweet.app; sourceTree = BUILT_PRODUCTS_DIR; };
		1A1A1A1A1A1A1A1A1A1A1A1B /* TweetApp.swift */ = {isa = PBXFileReference; lastKnownFileType = sourcecode.swift; name = TweetApp.swift; path = Sources/App/TweetApp.swift; sourceTree = SOURCE_ROOT; };
		1A1A1A1A1A1A1A1A1A1A1A1D /* ContentView.swift */ = {isa = PBXFileReference; lastKnownFileType = sourcecode.swift; name = ContentView.swift; path = Sources/App/ContentView.swift; sourceTree = SOURCE_ROOT; };
		1A1A1A1A1A1A1A1A1A1A1A1F /* Tweet.swift */ = {isa = PBXFileReference; lastKnownFileType = sourcecode.swift; name = Tweet.swift; path = Sources/App/Models/Tweet.swift; sourceTree = SOURCE_ROOT; };
		1A1A1A1A1A1A1A1A1A1A1A25 /* HomeViewModel.swift */ = {isa = PBXFileReference; lastKnownFileType = sourcecode.swift; name = HomeViewModel.swift; path = Sources/Features/Home/HomeViewModel.swift; sourceTree = SOURCE_ROOT; };
		1A1A1A1A1A1A1A1A1A1A1A27 /* ComposeTweetView.swift */ = {isa = PBXFileReference; lastKnownFileType = sourcecode.swift; name = ComposeTweetView.swift; path = Sources/Features/Compose/ComposeTweetView.swift; sourceTree = SOURCE_ROOT; };
		1A1A1A1A1A1A1A1A1A1A1A29 /* ComposeTweetViewModel.swift */ = {isa = PBXFileReference; lastKnownFileType = sourcecode.swift; name = ComposeTweetViewModel.swift; path = Sources/Features/Compose/ComposeTweetViewModel.swift; sourceTree = SOURCE_ROOT; };
		1A1A1A1A1A1A1A1A1A1A1A2B /* PollCreationView.swift */ = {isa = PBXFileReference; lastKnownFileType = sourcecode.swift; name = PollCreationView.swift; path = Sources/Features/Compose/PollCreationView.swift; sourceTree = SOURCE_ROOT; };
		1A1A1A1A1A1A1A1A1A1A1A2D /* LocationPickerView.swift */ = {isa = PBXFileReference; lastKnownFileType = sourcecode.swift; name = LocationPickerView.swift; path = Sources/Features/Compose/LocationPickerView.swift; sourceTree = SOURCE_ROOT; };
		4608E2D72DD5CA640051A92D /* HproseInstance.swift */ = {isa = PBXFileReference; lastKnownFileType = sourcecode.swift; path = HproseInstance.swift; sourceTree = "<group>"; };
		4608E2D92DD5CD920051A92D /* User.swift */ = {isa = PBXFileReference; lastKnownFileType = sourcecode.swift; path = User.swift; sourceTree = "<group>"; };
		4642A1D82DD5E93800A20E19 /* MimeiFileType.swift */ = {isa = PBXFileReference; lastKnownFileType = sourcecode.swift; path = MimeiFileType.swift; sourceTree = "<group>"; };
		4642A1DA2DD61FBC00A20E19 /* PreferenceHelper.swift */ = {isa = PBXFileReference; lastKnownFileType = sourcecode.swift; path = PreferenceHelper.swift; sourceTree = "<group>"; };
		4642A1DC2DD62CCB00A20E19 /* Gadget.swift */ = {isa = PBXFileReference; lastKnownFileType = sourcecode.swift; path = Gadget.swift; sourceTree = "<group>"; };
		46704DDD2DD72E58001D69B9 /* Info.plist */ = {isa = PBXFileReference; lastKnownFileType = text.plist.xml; name = Info.plist; path = Tweet/Info.plist; sourceTree = "<group>"; };
		46704DE12DD8CEF7001D69B9 /* MediaType.swift */ = {isa = PBXFileReference; lastKnownFileType = sourcecode.swift; path = MediaType.swift; sourceTree = "<group>"; };
		46E5B3012DD9FC3B00AEF31F /* ProfileView.swift */ = {isa = PBXFileReference; lastKnownFileType = sourcecode.swift; name = ProfileView.swift; path = Sources/Features/Profile/ProfileView.swift; sourceTree = SOURCE_ROOT; };
		46E5B32A2DDA038E00AEF31F /* AppConfig.swift */ = {isa = PBXFileReference; lastKnownFileType = sourcecode.swift; path = AppConfig.swift; sourceTree = "<group>"; };
		46E5B32C2DDA045B00AEF31F /* AppHeaderView.swift */ = {isa = PBXFileReference; lastKnownFileType = sourcecode.swift; path = AppHeaderView.swift; sourceTree = "<group>"; };
		46E5B32E2DDA048500AEF31F /* UserViewModel.swift */ = {isa = PBXFileReference; lastKnownFileType = sourcecode.swift; path = UserViewModel.swift; sourceTree = "<group>"; };
		46E5B3312DDA1AF500AEF31F /* Assets.xcassets */ = {isa = PBXFileReference; lastKnownFileType = folder.assetcatalog; name = Assets.xcassets; path = Tweet/Assets.xcassets; sourceTree = SOURCE_ROOT; };
		46E5B3352DDA315700AEF31F /* FollowingsTweetView.swift */ = {isa = PBXFileReference; lastKnownFileType = sourcecode.swift; path = FollowingsTweetView.swift; sourceTree = "<group>"; };
		46E5B3362DDA315700AEF31F /* RecommendedTweetView.swift */ = {isa = PBXFileReference; lastKnownFileType = sourcecode.swift; path = RecommendedTweetView.swift; sourceTree = "<group>"; };
		46E5B3372DDA315700AEF31F /* TabButton.swift */ = {isa = PBXFileReference; lastKnownFileType = sourcecode.swift; path = TabButton.swift; sourceTree = "<group>"; };
		46E5B3382DDA315700AEF31F /* TweetItemView.swift */ = {isa = PBXFileReference; lastKnownFileType = sourcecode.swift; path = TweetItemView.swift; sourceTree = "<group>"; };
		46E5B33E2DDAB74400AEF31F /* TweetActionButtonsView.swift */ = {isa = PBXFileReference; lastKnownFileType = sourcecode.swift; path = TweetActionButtonsView.swift; sourceTree = "<group>"; };
		46E5B33F2DDAB74400AEF31F /* TweetBodyView.swift */ = {isa = PBXFileReference; lastKnownFileType = sourcecode.swift; path = TweetBodyView.swift; sourceTree = "<group>"; };
		46E5B3402DDAB74400AEF31F /* TweetHeaderView.swift */ = {isa = PBXFileReference; lastKnownFileType = sourcecode.swift; path = TweetHeaderView.swift; sourceTree = "<group>"; };
		46E5B3462DDC0CF500AEF31F /* Avatar.swift */ = {isa = PBXFileReference; lastKnownFileType = sourcecode.swift; path = Avatar.swift; sourceTree = "<group>"; };
		46E5B3482DDC0F5B00AEF31F /* MediaGridView.swift */ = {isa = PBXFileReference; lastKnownFileType = sourcecode.swift; path = MediaGridView.swift; sourceTree = "<group>"; };
		46E5B34A2DDC155200AEF31F /* MediaCell.swift */ = {isa = PBXFileReference; lastKnownFileType = sourcecode.swift; path = MediaCell.swift; sourceTree = "<group>"; };
		83423F5E23BD65E924B7AD86 /* Pods_Tweet.framework */ = {isa = PBXFileReference; explicitFileType = wrapper.framework; includeInIndex = 0; path = Pods_Tweet.framework; sourceTree = BUILT_PRODUCTS_DIR; };
		D424303A66FF70A9FBF5540E /* Pods-Tweet.release.xcconfig */ = {isa = PBXFileReference; includeInIndex = 1; lastKnownFileType = text.xcconfig; name = "Pods-Tweet.release.xcconfig"; path = "Target Support Files/Pods-Tweet/Pods-Tweet.release.xcconfig"; sourceTree = "<group>"; };
		FFC29454DC8954BB0F934F77 /* Pods-Tweet.debug.xcconfig */ = {isa = PBXFileReference; includeInIndex = 1; lastKnownFileType = text.xcconfig; name = "Pods-Tweet.debug.xcconfig"; path = "Target Support Files/Pods-Tweet/Pods-Tweet.debug.xcconfig"; sourceTree = "<group>"; };
/* End PBXFileReference section */

/* Begin PBXFrameworksBuildPhase section */
		1A1A1A1A1A1A1A1A1A1A1A02 /* Frameworks */ = {
			isa = PBXFrameworksBuildPhase;
			buildActionMask = 2147483647;
			files = (
				1C8EC478C6D1F6DB861107CF /* Pods_Tweet.framework in Frameworks */,
			);
			runOnlyForDeploymentPostprocessing = 0;
		};
/* End PBXFrameworksBuildPhase section */

/* Begin PBXGroup section */
		1689CEFF4B5CD06197813A90 /* Frameworks */ = {
			isa = PBXGroup;
			children = (
				83423F5E23BD65E924B7AD86 /* Pods_Tweet.framework */,
			);
			name = Frameworks;
			sourceTree = "<group>";
		};
		1A1A1A1A1A1A1A1A1A1A1A03 = {
			isa = PBXGroup;
			children = (
				1A1A1A1A1A1A1A1A1A1A1A04 /* Sources */,
				1A1A1A1A1A1A1A1A1A1A1A05 /* Products */,
				2BBC082D2DAEEBDF87B8798F /* Pods */,
				1689CEFF4B5CD06197813A90 /* Frameworks */,
				46E5B3312DDA1AF500AEF31F /* Assets.xcassets */,
				46704DDD2DD72E58001D69B9 /* Info.plist */,
				46E5B3342DDA1E8100AEF31F /* Recovered References */,
			);
			sourceTree = "<group>";
		};
		1A1A1A1A1A1A1A1A1A1A1A04 /* Sources */ = {
			isa = PBXGroup;
			children = (
				1A1A1A1A1A1A1A1A1A1A1A07 /* App */,
				1A1A1A1A1A1A1A1A1A1A1A08 /* UI */,
				1A1A1A1A1A1A1A1A1A1A1A09 /* Core */,
				1A1A1A1A1A1A1A1A1A1A1A0A /* Features */,
			);
			path = Sources;
			sourceTree = "<group>";
		};
		1A1A1A1A1A1A1A1A1A1A1A05 /* Products */ = {
			isa = PBXGroup;
			children = (
				1A1A1A1A1A1A1A1A1A1A1A01 /* Tweet.app */,
			);
			name = Products;
			sourceTree = "<group>";
		};
		1A1A1A1A1A1A1A1A1A1A1A07 /* App */ = {
			isa = PBXGroup;
			children = (
				46E5B32A2DDA038E00AEF31F /* AppConfig.swift */,
				1A1A1A1A1A1A1A1A1A1A1A1B /* TweetApp.swift */,
				1A1A1A1A1A1A1A1A1A1A1A1D /* ContentView.swift */,
				4684EA4B2DD72A8600CACE55 /* Helper */,
				1A1A1A1A1A1A1A1A1A1A1A0B /* Models */,
			);
			path = App;
			sourceTree = "<group>";
		};
		1A1A1A1A1A1A1A1A1A1A1A08 /* UI */ = {
			isa = PBXGroup;
			children = (
				46E5B3372DDA315700AEF31F /* TabButton.swift */,
				46E5B32C2DDA045B00AEF31F /* AppHeaderView.swift */,
			);
			path = UI;
			sourceTree = "<group>";
		};
		1A1A1A1A1A1A1A1A1A1A1A09 /* Core */ = {
			isa = PBXGroup;
			children = (
				4642A1DA2DD61FBC00A20E19 /* PreferenceHelper.swift */,
				4608E2D72DD5CA640051A92D /* HproseInstance.swift */,
			);
			path = Core;
			sourceTree = "<group>";
		};
		1A1A1A1A1A1A1A1A1A1A1A0A /* Features */ = {
			isa = PBXGroup;
			children = (
				46E5B3282DDA02E200AEF31F /* Profile */,
				1A1A1A1A1A1A1A1A1A1A1A0D /* Home */,
				1A1A1A1A1A1A1A1A1A1A1A0E /* Compose */,
			);
			path = Features;
			sourceTree = "<group>";
		};
		1A1A1A1A1A1A1A1A1A1A1A0B /* Models */ = {
			isa = PBXGroup;
			children = (
				46704DE12DD8CEF7001D69B9 /* MediaType.swift */,
				4642A1D82DD5E93800A20E19 /* MimeiFileType.swift */,
				4608E2D92DD5CD920051A92D /* User.swift */,
				1A1A1A1A1A1A1A1A1A1A1A1F /* Tweet.swift */,
			);
			path = Models;
			sourceTree = "<group>";
		};
		1A1A1A1A1A1A1A1A1A1A1A0D /* Home */ = {
			isa = PBXGroup;
			children = (
				46E5B3392DDA315700AEF31F /* Views */,
				1A1A1A1A1A1A1A1A1A1A1A25 /* HomeViewModel.swift */,
				46E5B3352DDA315700AEF31F /* FollowingsTweetView.swift */,
				46E5B3362DDA315700AEF31F /* RecommendedTweetView.swift */,
				46E5B3382DDA315700AEF31F /* TweetItemView.swift */,
			);
			path = Home;
			sourceTree = "<group>";
		};
		1A1A1A1A1A1A1A1A1A1A1A0E /* Compose */ = {
			isa = PBXGroup;
			children = (
				1A1A1A1A1A1A1A1A1A1A1A27 /* ComposeTweetView.swift */,
				1A1A1A1A1A1A1A1A1A1A1A29 /* ComposeTweetViewModel.swift */,
				1A1A1A1A1A1A1A1A1A1A1A2B /* PollCreationView.swift */,
				1A1A1A1A1A1A1A1A1A1A1A2D /* LocationPickerView.swift */,
			);
			path = Compose;
			sourceTree = "<group>";
		};
		2BBC082D2DAEEBDF87B8798F /* Pods */ = {
			isa = PBXGroup;
			children = (
				FFC29454DC8954BB0F934F77 /* Pods-Tweet.debug.xcconfig */,
				D424303A66FF70A9FBF5540E /* Pods-Tweet.release.xcconfig */,
			);
			path = Pods;
			sourceTree = "<group>";
		};
		4684EA4B2DD72A8600CACE55 /* Helper */ = {
			isa = PBXGroup;
			children = (
				4642A1DC2DD62CCB00A20E19 /* Gadget.swift */,
			);
			path = Helper;
			sourceTree = "<group>";
		};
		46E5B3282DDA02E200AEF31F /* Profile */ = {
			isa = PBXGroup;
			children = (
				46E5B32E2DDA048500AEF31F /* UserViewModel.swift */,
			);
			path = Profile;
			sourceTree = "<group>";
		};
		46E5B3342DDA1E8100AEF31F /* Recovered References */ = {
			isa = PBXGroup;
			children = (
				46E5B3012DD9FC3B00AEF31F /* ProfileView.swift */,
			);
			name = "Recovered References";
			sourceTree = "<group>";
		};
		46E5B3392DDA315700AEF31F /* Views */ = {
			isa = PBXGroup;
			children = (
				46E5B34A2DDC155200AEF31F /* MediaCell.swift */,
				46E5B3482DDC0F5B00AEF31F /* MediaGridView.swift */,
				46E5B3462DDC0CF500AEF31F /* Avatar.swift */,
				46E5B33E2DDAB74400AEF31F /* TweetActionButtonsView.swift */,
				46E5B33F2DDAB74400AEF31F /* TweetBodyView.swift */,
				46E5B3402DDAB74400AEF31F /* TweetHeaderView.swift */,
			);
			path = Views;
			sourceTree = "<group>";
		};
/* End PBXGroup section */

/* Begin PBXNativeTarget section */
		1A1A1A1A1A1A1A1A1A1A1A0F /* Tweet */ = {
			isa = PBXNativeTarget;
			buildConfigurationList = 1A1A1A1A1A1A1A1A1A1A1A10 /* Build configuration list for PBXNativeTarget "Tweet" */;
			buildPhases = (
				96963609404525096C1C91AD /* [CP] Check Pods Manifest.lock */,
				1A1A1A1A1A1A1A1A1A1A1A02 /* Frameworks */,
				1A1A1A1A1A1A1A1A1A1A1A11 /* Sources */,
				1A1A1A1A1A1A1A1A1A1A1A12 /* Resources */,
				E8BC4D56BC9E018DFF9D6E62 /* [CP] Embed Pods Frameworks */,
			);
			buildRules = (
			);
			dependencies = (
			);
			name = Tweet;
			productName = Tweet;
			productReference = 1A1A1A1A1A1A1A1A1A1A1A01 /* Tweet.app */;
			productType = "com.apple.product-type.application";
		};
/* End PBXNativeTarget section */

/* Begin PBXProject section */
		1A1A1A1A1A1A1A1A1A1A1A13 /* Project object */ = {
			isa = PBXProject;
			attributes = {
				BuildIndependentTargetsInParallel = 1;
				LastSwiftUpdateCheck = 1500;
				LastUpgradeCheck = 1630;
				TargetAttributes = {
					1A1A1A1A1A1A1A1A1A1A1A0F = {
						CreatedOnToolsVersion = 15.0;
					};
				};
			};
			buildConfigurationList = 1A1A1A1A1A1A1A1A1A1A1A14 /* Build configuration list for PBXProject "Tweet" */;
			compatibilityVersion = "Xcode 14.0";
			developmentRegion = en;
			hasScannedForEncodings = 0;
			knownRegions = (
				en,
				Base,
			);
			mainGroup = 1A1A1A1A1A1A1A1A1A1A1A03;
			productRefGroup = 1A1A1A1A1A1A1A1A1A1A1A05 /* Products */;
			projectDirPath = "";
			projectRoot = "";
			targets = (
				1A1A1A1A1A1A1A1A1A1A1A0F /* Tweet */,
			);
		};
/* End PBXProject section */

/* Begin PBXResourcesBuildPhase section */
		1A1A1A1A1A1A1A1A1A1A1A12 /* Resources */ = {
			isa = PBXResourcesBuildPhase;
			buildActionMask = 2147483647;
			files = (
				46E5B3322DDA1AF500AEF31F /* Assets.xcassets in Resources */,
			);
			runOnlyForDeploymentPostprocessing = 0;
		};
/* End PBXResourcesBuildPhase section */

/* Begin PBXShellScriptBuildPhase section */
		96963609404525096C1C91AD /* [CP] Check Pods Manifest.lock */ = {
			isa = PBXShellScriptBuildPhase;
			buildActionMask = 2147483647;
			files = (
			);
			inputFileListPaths = (
			);
			inputPaths = (
				"${PODS_PODFILE_DIR_PATH}/Podfile.lock",
				"${PODS_ROOT}/Manifest.lock",
			);
			name = "[CP] Check Pods Manifest.lock";
			outputFileListPaths = (
			);
			outputPaths = (
				"$(DERIVED_FILE_DIR)/Pods-Tweet-checkManifestLockResult.txt",
			);
			runOnlyForDeploymentPostprocessing = 0;
			shellPath = /bin/sh;
			shellScript = "diff \"${PODS_PODFILE_DIR_PATH}/Podfile.lock\" \"${PODS_ROOT}/Manifest.lock\" > /dev/null\nif [ $? != 0 ] ; then\n    # print error to STDERR\n    echo \"error: The sandbox is not in sync with the Podfile.lock. Run 'pod install' or update your CocoaPods installation.\" >&2\n    exit 1\nfi\n# This output is used by Xcode 'outputs' to avoid re-running this script phase.\necho \"SUCCESS\" > \"${SCRIPT_OUTPUT_FILE_0}\"\n";
			showEnvVarsInLog = 0;
		};
		E8BC4D56BC9E018DFF9D6E62 /* [CP] Embed Pods Frameworks */ = {
			isa = PBXShellScriptBuildPhase;
			buildActionMask = 2147483647;
			files = (
			);
			inputFileListPaths = (
				"${PODS_ROOT}/Target Support Files/Pods-Tweet/Pods-Tweet-frameworks-${CONFIGURATION}-input-files.xcfilelist",
			);
			inputPaths = (
			);
			name = "[CP] Embed Pods Frameworks";
			outputFileListPaths = (
				"${PODS_ROOT}/Target Support Files/Pods-Tweet/Pods-Tweet-frameworks-${CONFIGURATION}-output-files.xcfilelist",
			);
			outputPaths = (
			);
			runOnlyForDeploymentPostprocessing = 0;
			shellPath = /bin/sh;
			shellScript = "\"${PODS_ROOT}/Target Support Files/Pods-Tweet/Pods-Tweet-frameworks.sh\"\n";
			showEnvVarsInLog = 0;
		};
/* End PBXShellScriptBuildPhase section */

/* Begin PBXSourcesBuildPhase section */
		1A1A1A1A1A1A1A1A1A1A1A11 /* Sources */ = {
			isa = PBXSourcesBuildPhase;
			buildActionMask = 2147483647;
			files = (
				46E5B3492DDC0F6900AEF31F /* MediaGridView.swift in Sources */,
				46704DE22DD8CF07001D69B9 /* MediaType.swift in Sources */,
				46E5B32D2DDA045B00AEF31F /* AppHeaderView.swift in Sources */,
				46E5B3422DDAB74400AEF31F /* TweetActionButtonsView.swift in Sources */,
				46E5B3432DDAB74400AEF31F /* TweetBodyView.swift in Sources */,
				46E5B3442DDAB74400AEF31F /* TweetHeaderView.swift in Sources */,
				1A1A1A1A1A1A1A1A1A1A1A1A /* TweetApp.swift in Sources */,
				1A1A1A1A1A1A1A1A1A1A1A1C /* ContentView.swift in Sources */,
				1A1A1A1A1A1A1A1A1A1A1A1E /* Tweet.swift in Sources */,
				46E5B3472DDC0CFB00AEF31F /* Avatar.swift in Sources */,
				4608E2D82DD5CA640051A92D /* HproseInstance.swift in Sources */,
				4642A1DB2DD61FBC00A20E19 /* PreferenceHelper.swift in Sources */,
				1A1A1A1A1A1A1A1A1A1A1A24 /* HomeViewModel.swift in Sources */,
				46E5B3022DD9FC3B00AEF31F /* ProfileView.swift in Sources */,
				46E5B34B2DDC155600AEF31F /* MediaCell.swift in Sources */,
				1A1A1A1A1A1A1A1A1A1A1A26 /* ComposeTweetView.swift in Sources */,
				46E5B32B2DDA038E00AEF31F /* AppConfig.swift in Sources */,
				4642A1D92DD5E93900A20E19 /* MimeiFileType.swift in Sources */,
				46E5B3302DDA048500AEF31F /* UserViewModel.swift in Sources */,
				4642A1DD2DD62CCB00A20E19 /* Gadget.swift in Sources */,
				4608E2DA2DD5CD920051A92D /* User.swift in Sources */,
				1A1A1A1A1A1A1A1A1A1A1A28 /* ComposeTweetViewModel.swift in Sources */,
				1A1A1A1A1A1A1A1A1A1A1A2A /* PollCreationView.swift in Sources */,
				1A1A1A1A1A1A1A1A1A1A1A2C /* LocationPickerView.swift in Sources */,
				46E5B33A2DDA315700AEF31F /* RecommendedTweetView.swift in Sources */,
				46E5B33B2DDA315700AEF31F /* TweetItemView.swift in Sources */,
				46E5B33C2DDA315700AEF31F /* FollowingsTweetView.swift in Sources */,
				46E5B33D2DDA315700AEF31F /* TabButton.swift in Sources */,
			);
			runOnlyForDeploymentPostprocessing = 0;
		};
/* End PBXSourcesBuildPhase section */

/* Begin XCBuildConfiguration section */
		1A1A1A1A1A1A1A1A1A1A1A15 /* Debug */ = {
			isa = XCBuildConfiguration;
			buildSettings = {
				ALWAYS_SEARCH_USER_PATHS = NO;
				ASSETCATALOG_COMPILER_GENERATE_SWIFT_ASSET_SYMBOL_EXTENSIONS = YES;
				CLANG_ANALYZER_NONNULL = YES;
				CLANG_ANALYZER_NUMBER_OBJECT_CONVERSION = YES_AGGRESSIVE;
				CLANG_CXX_LANGUAGE_STANDARD = "gnu++20";
				CLANG_ENABLE_MODULES = YES;
				CLANG_ENABLE_OBJC_ARC = YES;
				CLANG_ENABLE_OBJC_WEAK = YES;
				CLANG_WARN_BLOCK_CAPTURE_AUTORELEASING = YES;
				CLANG_WARN_BOOL_CONVERSION = YES;
				CLANG_WARN_COMMA = YES;
				CLANG_WARN_CONSTANT_CONVERSION = YES;
				CLANG_WARN_DEPRECATED_OBJC_IMPLEMENTATIONS = YES;
				CLANG_WARN_DIRECT_OBJC_ISA_USAGE = YES_ERROR;
				CLANG_WARN_DOCUMENTATION_COMMENTS = YES;
				CLANG_WARN_EMPTY_BODY = YES;
				CLANG_WARN_ENUM_CONVERSION = YES;
				CLANG_WARN_INFINITE_RECURSION = YES;
				CLANG_WARN_INT_CONVERSION = YES;
				CLANG_WARN_NON_LITERAL_NULL_CONVERSION = YES;
				CLANG_WARN_OBJC_IMPLICIT_RETAIN_SELF = YES;
				CLANG_WARN_OBJC_LITERAL_CONVERSION = YES;
				CLANG_WARN_OBJC_ROOT_CLASS = YES_ERROR;
				CLANG_WARN_QUOTED_INCLUDE_IN_FRAMEWORK_HEADER = YES;
				CLANG_WARN_RANGE_LOOP_ANALYSIS = YES;
				CLANG_WARN_STRICT_PROTOTYPES = YES;
				CLANG_WARN_SUSPICIOUS_MOVE = YES;
				CLANG_WARN_UNGUARDED_AVAILABILITY = YES_AGGRESSIVE;
				CLANG_WARN_UNREACHABLE_CODE = YES;
				CLANG_WARN__DUPLICATE_METHOD_MATCH = YES;
				COPY_PHASE_STRIP = NO;
				DEBUG_INFORMATION_FORMAT = dwarf;
				DEVELOPMENT_TEAM = 96LBXG78A7;
				ENABLE_STRICT_OBJC_MSGSEND = YES;
				ENABLE_TESTABILITY = YES;
				ENABLE_USER_SCRIPT_SANDBOXING = YES;
				GCC_C_LANGUAGE_STANDARD = gnu11;
				GCC_DYNAMIC_NO_PIC = NO;
				GCC_NO_COMMON_BLOCKS = YES;
				GCC_OPTIMIZATION_LEVEL = 0;
				GCC_PREPROCESSOR_DEFINITIONS = (
					"DEBUG=1",
					"$(inherited)",
				);
				GCC_WARN_64_TO_32_BIT_CONVERSION = YES;
				GCC_WARN_ABOUT_RETURN_TYPE = YES_ERROR;
				GCC_WARN_UNDECLARED_SELECTOR = YES;
				GCC_WARN_UNINITIALIZED_AUTOS = YES_AGGRESSIVE;
				GCC_WARN_UNUSED_FUNCTION = YES;
				GCC_WARN_UNUSED_VARIABLE = YES;
				HEADER_SEARCH_PATHS = (
					"$(inherited)",
					"$(SRCROOT)/Pods/hprose/src",
				);
				IPHONEOS_DEPLOYMENT_TARGET = 16.0;
				MTL_ENABLE_DEBUG_INFO = INCLUDE_SOURCE;
				MTL_FAST_MATH = YES;
				ONLY_ACTIVE_ARCH = YES;
				SDKROOT = iphoneos;
				SWIFT_ACTIVE_COMPILATION_CONDITIONS = DEBUG;
				SWIFT_OPTIMIZATION_LEVEL = "-Onone";
			};
			name = Debug;
		};
		1A1A1A1A1A1A1A1A1A1A1A16 /* Release */ = {
			isa = XCBuildConfiguration;
			buildSettings = {
				ALWAYS_SEARCH_USER_PATHS = NO;
				ASSETCATALOG_COMPILER_GENERATE_SWIFT_ASSET_SYMBOL_EXTENSIONS = YES;
				CLANG_ANALYZER_NONNULL = YES;
				CLANG_ANALYZER_NUMBER_OBJECT_CONVERSION = YES_AGGRESSIVE;
				CLANG_CXX_LANGUAGE_STANDARD = "gnu++20";
				CLANG_ENABLE_MODULES = YES;
				CLANG_ENABLE_OBJC_ARC = YES;
				CLANG_ENABLE_OBJC_WEAK = YES;
				CLANG_WARN_BLOCK_CAPTURE_AUTORELEASING = YES;
				CLANG_WARN_BOOL_CONVERSION = YES;
				CLANG_WARN_COMMA = YES;
				CLANG_WARN_CONSTANT_CONVERSION = YES;
				CLANG_WARN_DEPRECATED_OBJC_IMPLEMENTATIONS = YES;
				CLANG_WARN_DIRECT_OBJC_ISA_USAGE = YES_ERROR;
				CLANG_WARN_DOCUMENTATION_COMMENTS = YES;
				CLANG_WARN_EMPTY_BODY = YES;
				CLANG_WARN_ENUM_CONVERSION = YES;
				CLANG_WARN_INFINITE_RECURSION = YES;
				CLANG_WARN_INT_CONVERSION = YES;
				CLANG_WARN_NON_LITERAL_NULL_CONVERSION = YES;
				CLANG_WARN_OBJC_IMPLICIT_RETAIN_SELF = YES;
				CLANG_WARN_OBJC_LITERAL_CONVERSION = YES;
				CLANG_WARN_OBJC_ROOT_CLASS = YES_ERROR;
				CLANG_WARN_QUOTED_INCLUDE_IN_FRAMEWORK_HEADER = YES;
				CLANG_WARN_RANGE_LOOP_ANALYSIS = YES;
				CLANG_WARN_STRICT_PROTOTYPES = YES;
				CLANG_WARN_SUSPICIOUS_MOVE = YES;
				CLANG_WARN_UNGUARDED_AVAILABILITY = YES_AGGRESSIVE;
				CLANG_WARN_UNREACHABLE_CODE = YES;
				CLANG_WARN__DUPLICATE_METHOD_MATCH = YES;
				COPY_PHASE_STRIP = NO;
				DEBUG_INFORMATION_FORMAT = "dwarf-with-dsym";
				DEVELOPMENT_TEAM = 96LBXG78A7;
				ENABLE_NS_ASSERTIONS = NO;
				ENABLE_STRICT_OBJC_MSGSEND = YES;
				ENABLE_USER_SCRIPT_SANDBOXING = YES;
				GCC_C_LANGUAGE_STANDARD = gnu11;
				GCC_NO_COMMON_BLOCKS = YES;
				GCC_WARN_64_TO_32_BIT_CONVERSION = YES;
				GCC_WARN_ABOUT_RETURN_TYPE = YES_ERROR;
				GCC_WARN_UNDECLARED_SELECTOR = YES;
				GCC_WARN_UNINITIALIZED_AUTOS = YES_AGGRESSIVE;
				GCC_WARN_UNUSED_FUNCTION = YES;
				GCC_WARN_UNUSED_VARIABLE = YES;
				IPHONEOS_DEPLOYMENT_TARGET = 16.0;
				MTL_ENABLE_DEBUG_INFO = NO;
				MTL_FAST_MATH = YES;
				SDKROOT = iphoneos;
				SWIFT_COMPILATION_MODE = wholemodule;
				SWIFT_OPTIMIZATION_LEVEL = "-O";
				VALIDATE_PRODUCT = YES;
			};
			name = Release;
		};
		1A1A1A1A1A1A1A1A1A1A1A17 /* Debug */ = {
			isa = XCBuildConfiguration;
			baseConfigurationReference = FFC29454DC8954BB0F934F77 /* Pods-Tweet.debug.xcconfig */;
			buildSettings = {
				ASSETCATALOG_COMPILER_APPICON_NAME = AppIcon;
				ASSETCATALOG_COMPILER_GLOBAL_ACCENT_COLOR_NAME = AccentColor;
				CODE_SIGN_STYLE = Automatic;
				CURRENT_PROJECT_VERSION = 1;
				DEVELOPMENT_ASSET_PATHS = "\"Tweet/Preview Content\"";
				ENABLE_PREVIEWS = YES;
				ENABLE_USER_SCRIPT_SANDBOXING = NO;
				GENERATE_INFOPLIST_FILE = YES;
				INFOPLIST_FILE = Tweet/Info.plist;
				INFOPLIST_KEY_CFBundleDisplayName = dTweet;
				INFOPLIST_KEY_LSApplicationCategoryType = "public.app-category.social-networking";
				INFOPLIST_KEY_UIApplicationSceneManifest_Generation = YES;
				INFOPLIST_KEY_UIApplicationSupportsIndirectInputEvents = YES;
				INFOPLIST_KEY_UILaunchScreen_Generation = YES;
				INFOPLIST_KEY_UISupportedInterfaceOrientations_iPad = "UIInterfaceOrientationPortrait UIInterfaceOrientationPortraitUpsideDown UIInterfaceOrientationLandscapeLeft UIInterfaceOrientationLandscapeRight";
				INFOPLIST_KEY_UISupportedInterfaceOrientations_iPhone = "UIInterfaceOrientationPortrait UIInterfaceOrientationLandscapeLeft UIInterfaceOrientationLandscapeRight";
				IPHONEOS_DEPLOYMENT_TARGET = 15.0;
				LD_RUNPATH_SEARCH_PATHS = (
					"$(inherited)",
					"@executable_path/Frameworks",
				);
				MARKETING_VERSION = 1.0;
				PRODUCT_BUNDLE_IDENTIFIER = com.example.Tweet;
				PRODUCT_NAME = "$(TARGET_NAME)";
				SWIFT_EMIT_LOC_STRINGS = YES;
				SWIFT_OBJC_BRIDGING_HEADER = "Sources/Bridging-Header.h";
				SWIFT_VERSION = 5.0;
				TARGETED_DEVICE_FAMILY = "1,2";
			};
			name = Debug;
		};
		1A1A1A1A1A1A1A1A1A1A1A18 /* Release */ = {
			isa = XCBuildConfiguration;
			baseConfigurationReference = D424303A66FF70A9FBF5540E /* Pods-Tweet.release.xcconfig */;
			buildSettings = {
				ASSETCATALOG_COMPILER_APPICON_NAME = AppIcon;
				ASSETCATALOG_COMPILER_GLOBAL_ACCENT_COLOR_NAME = AccentColor;
				CODE_SIGN_STYLE = Automatic;
				CURRENT_PROJECT_VERSION = 1;
				DEVELOPMENT_ASSET_PATHS = "\"Tweet/Preview Content\"";
				ENABLE_PREVIEWS = YES;
				ENABLE_USER_SCRIPT_SANDBOXING = NO;
				GENERATE_INFOPLIST_FILE = YES;
				INFOPLIST_FILE = Tweet/Info.plist;
				INFOPLIST_KEY_CFBundleDisplayName = dTweet;
				INFOPLIST_KEY_LSApplicationCategoryType = "public.app-category.social-networking";
				INFOPLIST_KEY_UIApplicationSceneManifest_Generation = YES;
				INFOPLIST_KEY_UIApplicationSupportsIndirectInputEvents = YES;
				INFOPLIST_KEY_UILaunchScreen_Generation = YES;
				INFOPLIST_KEY_UISupportedInterfaceOrientations_iPad = "UIInterfaceOrientationPortrait UIInterfaceOrientationPortraitUpsideDown UIInterfaceOrientationLandscapeLeft UIInterfaceOrientationLandscapeRight";
				INFOPLIST_KEY_UISupportedInterfaceOrientations_iPhone = "UIInterfaceOrientationPortrait UIInterfaceOrientationLandscapeLeft UIInterfaceOrientationLandscapeRight";
				LD_RUNPATH_SEARCH_PATHS = (
					"$(inherited)",
					"@executable_path/Frameworks",
				);
				MARKETING_VERSION = 1.0;
				PRODUCT_BUNDLE_IDENTIFIER = com.example.Tweet;
				PRODUCT_NAME = "$(TARGET_NAME)";
				SWIFT_EMIT_LOC_STRINGS = YES;
				SWIFT_OBJC_BRIDGING_HEADER = "Sources/Bridging-Header.h";
				SWIFT_VERSION = 5.0;
				TARGETED_DEVICE_FAMILY = "1,2";
			};
			name = Release;
		};
/* End XCBuildConfiguration section */

/* Begin XCConfigurationList section */
		1A1A1A1A1A1A1A1A1A1A1A10 /* Build configuration list for PBXNativeTarget "Tweet" */ = {
			isa = XCConfigurationList;
			buildConfigurations = (
				1A1A1A1A1A1A1A1A1A1A1A17 /* Debug */,
				1A1A1A1A1A1A1A1A1A1A1A18 /* Release */,
			);
			defaultConfigurationIsVisible = 0;
			defaultConfigurationName = Debug;
		};
		1A1A1A1A1A1A1A1A1A1A1A14 /* Build configuration list for PBXProject "Tweet" */ = {
			isa = XCConfigurationList;
			buildConfigurations = (
				1A1A1A1A1A1A1A1A1A1A1A15 /* Debug */,
				1A1A1A1A1A1A1A1A1A1A1A16 /* Release */,
			);
			defaultConfigurationIsVisible = 0;
			defaultConfigurationName = Debug;
		};
/* End XCConfigurationList section */
	};
	rootObject = 1A1A1A1A1A1A1A1A1A1A1A13 /* Project object */;
}
