// !$*UTF8*$!
{
	archiveVersion = 1;
	classes = {
	};
	objectVersion = 56;
	objects = {

/* Begin PBXBuildFile section */
		1A1A1A1A1A1A1A1A1A1A1A1A /* TweetApp.swift in Sources */ = {isa = PBXBuildFile; fileRef = 1A1A1A1A1A1A1A1A1A1A1A1B /* TweetApp.swift */; };
		1A1A1A1A1A1A1A1A1A1A1A1C /* ContentView.swift in Sources */ = {isa = PBXBuildFile; fileRef = 1A1A1A1A1A1A1A1A1A1A1A1D /* ContentView.swift */; };
		1A1A1A1A1A1A1A1A1A1A1A24 /* HomeViewModel.swift in Sources */ = {isa = PBXBuildFile; fileRef = 1A1A1A1A1A1A1A1A1A1A1A25 /* HomeViewModel.swift */; };
		1A1A1A1A1A1A1A1A1A1A1A26 /* ComposeTweetView.swift in Sources */ = {isa = PBXBuildFile; fileRef = 1A1A1A1A1A1A1A1A1A1A1A27 /* ComposeTweetView.swift */; };
		1A1A1A1A1A1A1A1A1A1A1A28 /* ComposeTweetViewModel.swift in Sources */ = {isa = PBXBuildFile; fileRef = 1A1A1A1A1A1A1A1A1A1A1A29 /* ComposeTweetViewModel.swift */; };
		1A1A1A1A1A1A1A1A1A1A1A2A /* PollCreationView.swift in Sources */ = {isa = PBXBuildFile; fileRef = 1A1A1A1A1A1A1A1A1A1A1A2B /* PollCreationView.swift */; };
		1A1A1A1A1A1A1A1A1A1A1A2C /* LocationPickerView.swift in Sources */ = {isa = PBXBuildFile; fileRef = 1A1A1A1A1A1A1A1A1A1A1A2D /* LocationPickerView.swift */; };
		460680E82E16264C00D9D15A /* VideoCacheManager.swift in Sources */ = {isa = PBXBuildFile; fileRef = 460680E72E16264C00D9D15A /* VideoCacheManager.swift */; };
		460680EA2E16303100D9D15A /* Constants.swift in Sources */ = {isa = PBXBuildFile; fileRef = 460680E92E16302C00D9D15A /* Constants.swift */; };
		460680EC2E165F8300D9D15A /* LocalizationHelper.swift in Sources */ = {isa = PBXBuildFile; fileRef = 460680EB2E165F8300D9D15A /* LocalizationHelper.swift */; };
		460680F62E1660C700D9D15A /* Localizable.strings in Resources */ = {isa = PBXBuildFile; fileRef = 460680F32E1660C700D9D15A /* Localizable.strings */; };
		460680F72E1660C700D9D15A /* Assets.xcassets in Resources */ = {isa = PBXBuildFile; fileRef = 460680ED2E1660C700D9D15A /* Assets.xcassets */; };
		460680FA2E1660C700D9D15A /* Assets.xcassets in Resources */ = {isa = PBXBuildFile; fileRef = 460680EF2E1660C700D9D15A /* Assets.xcassets */; };
		4608E2D82DD5CA640051A92D /* HproseInstance.swift in Sources */ = {isa = PBXBuildFile; fileRef = 4608E2D72DD5CA640051A92D /* HproseInstance.swift */; };
		4608E2DA2DD5CD920051A92D /* User.swift in Sources */ = {isa = PBXBuildFile; fileRef = 4608E2D92DD5CD920051A92D /* User.swift */; };
		461438172E3E426A002D1B22 /* ChatCacheManager.swift in Sources */ = {isa = PBXBuildFile; fileRef = 461438162E3E426A002D1B22 /* ChatCacheManager.swift */; };
		461438192E3EEE2D002D1B22 /* MimeiId.swift in Sources */ = {isa = PBXBuildFile; fileRef = 461438182E3EEE2D002D1B22 /* MimeiId.swift */; };
		4614381B2E3F5E97002D1B22 /* BlackList.swift in Sources */ = {isa = PBXBuildFile; fileRef = 4614381A2E3F5E97002D1B22 /* BlackList.swift */; };
		4614381D2E3F69AD002D1B22 /* CoreDataManager.swift in Sources */ = {isa = PBXBuildFile; fileRef = 4614381C2E3F69AD002D1B22 /* CoreDataManager.swift */; };
		461438232E403EAB002D1B22 /* ChatMessageView.swift in Sources */ = {isa = PBXBuildFile; fileRef = 461438222E403E98002D1B22 /* ChatMessageView.swift */; };
		461438252E4042E1002D1B22 /* ZoomableImageView.swift in Sources */ = {isa = PBXBuildFile; fileRef = 461438242E4042E1002D1B22 /* ZoomableImageView.swift */; };
		461438272E44DCCC002D1B22 /* VideoManager.swift in Sources */ = {isa = PBXBuildFile; fileRef = 461438262E44DCCB002D1B22 /* VideoManager.swift */; };
		4629FB192DFFEA3100588941 /* MetricKitManager.swift in Sources */ = {isa = PBXBuildFile; fileRef = 4629FB182DFFEA3100588941 /* MetricKitManager.swift */; };
		4642A1D92DD5E93900A20E19 /* MimeiFileType.swift in Sources */ = {isa = PBXBuildFile; fileRef = 4642A1D82DD5E93800A20E19 /* MimeiFileType.swift */; };
		4642A1DB2DD61FBC00A20E19 /* PreferenceHelper.swift in Sources */ = {isa = PBXBuildFile; fileRef = 4642A1DA2DD61FBC00A20E19 /* PreferenceHelper.swift */; };
		4642A1DD2DD62CCB00A20E19 /* Gadget.swift in Sources */ = {isa = PBXBuildFile; fileRef = 4642A1DC2DD62CCB00A20E19 /* Gadget.swift */; };
		46704DE22DD8CF07001D69B9 /* MediaType.swift in Sources */ = {isa = PBXBuildFile; fileRef = 46704DE12DD8CEF7001D69B9 /* MediaType.swift */; };
		4674940D2DF08B7E0082FAC6 /* FollowingsTweetViewModel.swift in Sources */ = {isa = PBXBuildFile; fileRef = 4674940C2DF08B780082FAC6 /* FollowingsTweetViewModel.swift */; };
		4674940F2DF2C4D60082FAC6 /* CommentListView.swift in Sources */ = {isa = PBXBuildFile; fileRef = 4674940E2DF2C4D00082FAC6 /* CommentListView.swift */; };
		467494132DF33BFD0082FAC6 /* CommentMenu.swift in Sources */ = {isa = PBXBuildFile; fileRef = 467494122DF33BF50082FAC6 /* CommentMenu.swift */; };
		467494172DF4A1460082FAC6 /* CommentDetailView.swift in Sources */ = {isa = PBXBuildFile; fileRef = 467494162DF4A13E0082FAC6 /* CommentDetailView.swift */; };
		467494212DF885940082FAC6 /* UserRowView.swift in Sources */ = {isa = PBXBuildFile; fileRef = 467494202DF8858F0082FAC6 /* UserRowView.swift */; };
		468384A12DFE9EAB0079ECC5 /* MediaBrowserView.swift in Sources */ = {isa = PBXBuildFile; fileRef = 468384A02DFE9EAB0079ECC5 /* MediaBrowserView.swift */; };
		468CF20E2E39AF3A00D49038 /* ChatRepository.swift in Sources */ = {isa = PBXBuildFile; fileRef = 468CF20D2E39AF3900D49038 /* ChatRepository.swift */; };
		468CF2102E39AF5900D49038 /* ChatMessage.swift in Sources */ = {isa = PBXBuildFile; fileRef = 468CF20F2E39AF5900D49038 /* ChatMessage.swift */; };
		468CF21A2E39B06900D49038 /* BadgeView.swift in Sources */ = {isa = PBXBuildFile; fileRef = 468CF2172E39B06900D49038 /* BadgeView.swift */; };
		468CF2202E39C99200D49038 /* SearchScreen.swift in Sources */ = {isa = PBXBuildFile; fileRef = 468CF21E2E39C99200D49038 /* SearchScreen.swift */; };
		468CF2212E39C99200D49038 /* ChatListScreen.swift in Sources */ = {isa = PBXBuildFile; fileRef = 468CF21B2E39C99200D49038 /* ChatListScreen.swift */; };
		468CF2222E39C99200D49038 /* ChatScreen.swift in Sources */ = {isa = PBXBuildFile; fileRef = 468CF21C2E39C99200D49038 /* ChatScreen.swift */; };
		468CF2252E39CC7C00D49038 /* AppHeaderView.swift in Sources */ = {isa = PBXBuildFile; fileRef = 468CF2232E39CC7C00D49038 /* AppHeaderView.swift */; };
		468CF2262E39CC7C00D49038 /* TabButton.swift in Sources */ = {isa = PBXBuildFile; fileRef = 468CF2242E39CC7C00D49038 /* TabButton.swift */; };
		468CF2282E39CC8900D49038 /* ChatBubbleShape.swift in Sources */ = {isa = PBXBuildFile; fileRef = 468CF2272E39CC8900D49038 /* ChatBubbleShape.swift */; };
		468CF22A2E39FBBC00D49038 /* ChatSessionRepository.swift in Sources */ = {isa = PBXBuildFile; fileRef = 468CF2292E39FBBC00D49038 /* ChatSessionRepository.swift */; };
		468CF22C2E3A619A00D49038 /* ChatSessionManager.swift in Sources */ = {isa = PBXBuildFile; fileRef = 468CF22B2E3A619A00D49038 /* ChatSessionManager.swift */; };
		468CF22E2E3A69F700D49038 /* StartChatView.swift in Sources */ = {isa = PBXBuildFile; fileRef = 468CF22D2E3A69F700D49038 /* StartChatView.swift */; };
		469A994B2DEB163F00954049 /* ToastView.swift in Sources */ = {isa = PBXBuildFile; fileRef = 469A99492DEB163F00954049 /* ToastView.swift */; };
		469A994D2DEB31EF00954049 /* NotificationNames.swift in Sources */ = {isa = PBXBuildFile; fileRef = 469A994C2DEB31EF00954049 /* NotificationNames.swift */; };
		469A99502DEBFBC100954049 /* Tweet.swift in Sources */ = {isa = PBXBuildFile; fileRef = 469A994F2DEBFBC100954049 /* Tweet.swift */; };
		469A99552DEC744200954049 /* ProfileTweetsSection.swift in Sources */ = {isa = PBXBuildFile; fileRef = 469A99542DEC744200954049 /* ProfileTweetsSection.swift */; };
		469A99562DEC744200954049 /* ProfileHeaderSection.swift in Sources */ = {isa = PBXBuildFile; fileRef = 469A99522DEC744200954049 /* ProfileHeaderSection.swift */; };
		469A99572DEC744200954049 /* ProfileStatsSection.swift in Sources */ = {isa = PBXBuildFile; fileRef = 469A99532DEC744200954049 /* ProfileStatsSection.swift */; };
		469A995F2DEF300900954049 /* TweetCacheManager.swift in Sources */ = {isa = PBXBuildFile; fileRef = 469A995E2DEF300900954049 /* TweetCacheManager.swift */; };
		469A99622DEF318C00954049 /* TweetModel.xcdatamodeld in Sources */ = {isa = PBXBuildFile; fileRef = 469A99602DEF318C00954049 /* TweetModel.xcdatamodeld */; };
		469CF0F02E27FEC000FBCDB8 /* AppDelegate.swift in Sources */ = {isa = PBXBuildFile; fileRef = 469CF0EF2E27FEC000FBCDB8 /* AppDelegate.swift */; };
		469CF0F22E27FED700FBCDB8 /* OrientationManager.swift in Sources */ = {isa = PBXBuildFile; fileRef = 469CF0F12E27FED700FBCDB8 /* OrientationManager.swift */; };
		46B03D7F2E474E21000E08DF /* ContextualVideoPlayer.swift in Sources */ = {isa = PBXBuildFile; fileRef = 46B03D7E2E474E21000E08DF /* ContextualVideoPlayer.swift */; };
		46B03D812E474E63000E08DF /* VideoAssetCache.swift in Sources */ = {isa = PBXBuildFile; fileRef = 46B03D802E474E63000E08DF /* VideoAssetCache.swift */; };
		46B03D832E4755D9000E08DF /* SingletonVideoManagers.swift in Sources */ = {isa = PBXBuildFile; fileRef = 46B03D822E4755D9000E08DF /* SingletonVideoManagers.swift */; };
		46B1F4E02E05AF3700B3CE6C /* HLSVideoProcessor.swift in Sources */ = {isa = PBXBuildFile; fileRef = 46B1F4DF2E05AF3700B3CE6C /* HLSVideoProcessor.swift */; };
		46B1F59D2E07DA7D00B3CE6C /* FFmpegWrapper.c in Sources */ = {isa = PBXBuildFile; fileRef = 46B1F59C2E07DA7D00B3CE6C /* FFmpegWrapper.c */; };
		46B1F59F2E07FD9900B3CE6C /* FFmpegManager.swift in Sources */ = {isa = PBXBuildFile; fileRef = 46B1F59E2E07FD9900B3CE6C /* FFmpegManager.swift */; };
		46B95F4C2E0EF77500D81590 /* ImageCacheManager.swift in Sources */ = {isa = PBXBuildFile; fileRef = 46B95F4B2E0EF77100D81590 /* ImageCacheManager.swift */; };
		46B95F4E2E0F98CE00D81590 /* ThemeManager.swift in Sources */ = {isa = PBXBuildFile; fileRef = 46B95F4D2E0F98CE00D81590 /* ThemeManager.swift */; };
		46B95F502E1269F500D81590 /* IdentifiablePhotosPickerItem.swift in Sources */ = {isa = PBXBuildFile; fileRef = 46B95F4F2E1269F500D81590 /* IdentifiablePhotosPickerItem.swift */; };
		46E5B3022DD9FC3B00AEF31F /* ProfileView.swift in Sources */ = {isa = PBXBuildFile; fileRef = 46E5B3012DD9FC3B00AEF31F /* ProfileView.swift */; };
		46E5B32B2DDA038E00AEF31F /* AppConfig.swift in Sources */ = {isa = PBXBuildFile; fileRef = 46E5B32A2DDA038E00AEF31F /* AppConfig.swift */; };
		46E5B33A2DDA315700AEF31F /* RecommendedTweetView.swift in Sources */ = {isa = PBXBuildFile; fileRef = 46E5B3362DDA315700AEF31F /* RecommendedTweetView.swift */; };
		46E5B33B2DDA315700AEF31F /* TweetItemView.swift in Sources */ = {isa = PBXBuildFile; fileRef = 46E5B3382DDA315700AEF31F /* TweetItemView.swift */; };
		46E5B33C2DDA315700AEF31F /* FollowingsTweetView.swift in Sources */ = {isa = PBXBuildFile; fileRef = 46E5B3352DDA315700AEF31F /* FollowingsTweetView.swift */; };
		46E5B3422DDAB74400AEF31F /* TweetActionButtonsView.swift in Sources */ = {isa = PBXBuildFile; fileRef = 46E5B33E2DDAB74400AEF31F /* TweetActionButtonsView.swift */; };
		46E5B3432DDAB74400AEF31F /* TweetItemBodyView.swift in Sources */ = {isa = PBXBuildFile; fileRef = 46E5B33F2DDAB74400AEF31F /* TweetItemBodyView.swift */; };
		46E5B3442DDAB74400AEF31F /* TweetItemHeaderView.swift in Sources */ = {isa = PBXBuildFile; fileRef = 46E5B3402DDAB74400AEF31F /* TweetItemHeaderView.swift */; };
		46E5B3472DDC0CFB00AEF31F /* Avatar.swift in Sources */ = {isa = PBXBuildFile; fileRef = 46E5B3462DDC0CF500AEF31F /* Avatar.swift */; };
		46E5B3492DDC0F6900AEF31F /* MediaGridView.swift in Sources */ = {isa = PBXBuildFile; fileRef = 46E5B3482DDC0F5B00AEF31F /* MediaGridView.swift */; };
		46E5B34B2DDC155600AEF31F /* MediaCell.swift in Sources */ = {isa = PBXBuildFile; fileRef = 46E5B34A2DDC155200AEF31F /* MediaCell.swift */; };
		46E5B3512DDCA00000AEF31F /* Settings.swift in Sources */ = {isa = PBXBuildFile; fileRef = 46E5B3502DDC9FFC00AEF31F /* Settings.swift */; };
		46E5B3532DDD6A7A00AEF31F /* TweetDetailView.swift in Sources */ = {isa = PBXBuildFile; fileRef = 46E5B3522DDD6A7A00AEF31F /* TweetDetailView.swift */; };
		46E5B3572DDF74B500AEF31F /* CommentComposeView.swift in Sources */ = {isa = PBXBuildFile; fileRef = 46E5B3562DDF74B500AEF31F /* CommentComposeView.swift */; };
		46E5B3592DE005EC00AEF31F /* ThumbnailView.swift in Sources */ = {isa = PBXBuildFile; fileRef = 46E5B3582DE005EC00AEF31F /* ThumbnailView.swift */; };
		46E5B3612DE16FD800AEF31F /* Login.swift in Sources */ = {isa = PBXBuildFile; fileRef = 46E5B3602DE16FD300AEF31F /* Login.swift */; };
		46E5B3632DE1703200AEF31F /* Registration.swift in Sources */ = {isa = PBXBuildFile; fileRef = 46E5B3622DE1702C00AEF31F /* Registration.swift */; };
		46E5B3652DE21A3400AEF31F /* UserListView.swift in Sources */ = {isa = PBXBuildFile; fileRef = 46E5B3642DE21A3400AEF31F /* UserListView.swift */; };
		46E5B3672DE2DD2900AEF31F /* TweetListView.swift in Sources */ = {isa = PBXBuildFile; fileRef = 46E5B3662DE2DD2900AEF31F /* TweetListView.swift */; };
		46E5B36A2DE35E0A00AEF31F /* ProfileStatsView.swift in Sources */ = {isa = PBXBuildFile; fileRef = 46E5B3692DE35E0A00AEF31F /* ProfileStatsView.swift */; };
		46E5B36B2DE35E0A00AEF31F /* ProfileHeaderView.swift in Sources */ = {isa = PBXBuildFile; fileRef = 46E5B3682DE35E0A00AEF31F /* ProfileHeaderView.swift */; };
		46E5B36D2DE3617400AEF31F /* AvatarFullScreenView.swift in Sources */ = {isa = PBXBuildFile; fileRef = 46E5B36C2DE3617400AEF31F /* AvatarFullScreenView.swift */; };
		46E8A7D32DE9D0E700A30FBA /* CommentItemView.swift in Sources */ = {isa = PBXBuildFile; fileRef = 46E8A7D22DE9D0DF00A30FBA /* CommentItemView.swift */; };
		46E8A7D52DE9F15100A30FBA /* CommentsViewModel.swift in Sources */ = {isa = PBXBuildFile; fileRef = 46E8A7D42DE9F14A00A30FBA /* CommentsViewModel.swift */; };
		46F3BFCC2DFB06F500059F18 /* SimpleVideoPlayer.swift in Sources */ = {isa = PBXBuildFile; fileRef = 46F3BFCB2DFB06F400059F18 /* SimpleVideoPlayer.swift */; };
		46F3BFCE2DFB3F1100059F18 /* SimpleAudioPlayer.swift in Sources */ = {isa = PBXBuildFile; fileRef = 46F3BFCD2DFB3F1100059F18 /* SimpleAudioPlayer.swift */; };
		CA8FCEEC89259B8FD761147C /* Pods_Tweet.framework in Frameworks */ = {isa = PBXBuildFile; fileRef = 16C65942A958AA33DC9832F5 /* Pods_Tweet.framework */; };
/* End PBXBuildFile section */

/* Begin PBXFileReference section */
		16C65942A958AA33DC9832F5 /* Pods_Tweet.framework */ = {isa = PBXFileReference; explicitFileType = wrapper.framework; includeInIndex = 0; path = Pods_Tweet.framework; sourceTree = BUILT_PRODUCTS_DIR; };
		1A1A1A1A1A1A1A1A1A1A1A01 /* Tweet.app */ = {isa = PBXFileReference; explicitFileType = wrapper.application; includeInIndex = 0; path = Tweet.app; sourceTree = BUILT_PRODUCTS_DIR; };
		1A1A1A1A1A1A1A1A1A1A1A1B /* TweetApp.swift */ = {isa = PBXFileReference; lastKnownFileType = sourcecode.swift; name = TweetApp.swift; path = Sources/App/TweetApp.swift; sourceTree = SOURCE_ROOT; };
		1A1A1A1A1A1A1A1A1A1A1A1D /* ContentView.swift */ = {isa = PBXFileReference; lastKnownFileType = sourcecode.swift; name = ContentView.swift; path = Sources/App/ContentView.swift; sourceTree = SOURCE_ROOT; };
		1A1A1A1A1A1A1A1A1A1A1A25 /* HomeViewModel.swift */ = {isa = PBXFileReference; lastKnownFileType = sourcecode.swift; name = HomeViewModel.swift; path = Sources/Features/Home/HomeViewModel.swift; sourceTree = SOURCE_ROOT; };
		1A1A1A1A1A1A1A1A1A1A1A27 /* ComposeTweetView.swift */ = {isa = PBXFileReference; lastKnownFileType = sourcecode.swift; name = ComposeTweetView.swift; path = Sources/Features/Compose/ComposeTweetView.swift; sourceTree = SOURCE_ROOT; };
		1A1A1A1A1A1A1A1A1A1A1A29 /* ComposeTweetViewModel.swift */ = {isa = PBXFileReference; lastKnownFileType = sourcecode.swift; name = ComposeTweetViewModel.swift; path = Sources/Features/Compose/ComposeTweetViewModel.swift; sourceTree = SOURCE_ROOT; };
		1A1A1A1A1A1A1A1A1A1A1A2B /* PollCreationView.swift */ = {isa = PBXFileReference; lastKnownFileType = sourcecode.swift; name = PollCreationView.swift; path = Sources/Features/Compose/PollCreationView.swift; sourceTree = SOURCE_ROOT; };
		1A1A1A1A1A1A1A1A1A1A1A2D /* LocationPickerView.swift */ = {isa = PBXFileReference; lastKnownFileType = sourcecode.swift; name = LocationPickerView.swift; path = Sources/Features/Compose/LocationPickerView.swift; sourceTree = SOURCE_ROOT; };
		460680E72E16264C00D9D15A /* VideoCacheManager.swift */ = {isa = PBXFileReference; lastKnownFileType = sourcecode.swift; path = VideoCacheManager.swift; sourceTree = "<group>"; };
		460680E92E16302C00D9D15A /* Constants.swift */ = {isa = PBXFileReference; lastKnownFileType = sourcecode.swift; path = Constants.swift; sourceTree = "<group>"; };
		460680EB2E165F8300D9D15A /* LocalizationHelper.swift */ = {isa = PBXFileReference; lastKnownFileType = sourcecode.swift; path = LocalizationHelper.swift; sourceTree = "<group>"; };
		460680ED2E1660C700D9D15A /* Assets.xcassets */ = {isa = PBXFileReference; lastKnownFileType = folder.assetcatalog; path = Assets.xcassets; sourceTree = "<group>"; };
		460680EF2E1660C700D9D15A /* Assets.xcassets */ = {isa = PBXFileReference; lastKnownFileType = folder.assetcatalog; path = Assets.xcassets; sourceTree = "<group>"; };
		460680F12E1660C700D9D15A /* ja */ = {isa = PBXFileReference; lastKnownFileType = text.plist.strings; name = ja; path = ja.lproj/Localizable.strings; sourceTree = "<group>"; };
		460680F22E1660C700D9D15A /* zh-Hans */ = {isa = PBXFileReference; lastKnownFileType = text.plist.strings; name = "zh-Hans"; path = "zh-Hans.lproj/Localizable.strings"; sourceTree = "<group>"; };
		4608E2D72DD5CA640051A92D /* HproseInstance.swift */ = {isa = PBXFileReference; lastKnownFileType = sourcecode.swift; path = HproseInstance.swift; sourceTree = "<group>"; };
		4608E2D92DD5CD920051A92D /* User.swift */ = {isa = PBXFileReference; lastKnownFileType = sourcecode.swift; path = User.swift; sourceTree = "<group>"; };
		461438162E3E426A002D1B22 /* ChatCacheManager.swift */ = {isa = PBXFileReference; lastKnownFileType = sourcecode.swift; path = ChatCacheManager.swift; sourceTree = "<group>"; };
		461438182E3EEE2D002D1B22 /* MimeiId.swift */ = {isa = PBXFileReference; lastKnownFileType = sourcecode.swift; path = MimeiId.swift; sourceTree = "<group>"; };
		4614381A2E3F5E97002D1B22 /* BlackList.swift */ = {isa = PBXFileReference; lastKnownFileType = sourcecode.swift; path = BlackList.swift; sourceTree = "<group>"; };
		4614381C2E3F69AD002D1B22 /* CoreDataManager.swift */ = {isa = PBXFileReference; lastKnownFileType = sourcecode.swift; path = CoreDataManager.swift; sourceTree = "<group>"; };
		461438222E403E98002D1B22 /* ChatMessageView.swift */ = {isa = PBXFileReference; lastKnownFileType = sourcecode.swift; path = ChatMessageView.swift; sourceTree = "<group>"; };
		461438242E4042E1002D1B22 /* ZoomableImageView.swift */ = {isa = PBXFileReference; lastKnownFileType = sourcecode.swift; path = ZoomableImageView.swift; sourceTree = "<group>"; };
		461438262E44DCCB002D1B22 /* VideoManager.swift */ = {isa = PBXFileReference; lastKnownFileType = sourcecode.swift; path = VideoManager.swift; sourceTree = "<group>"; };
		4629FB182DFFEA3100588941 /* MetricKitManager.swift */ = {isa = PBXFileReference; lastKnownFileType = sourcecode.swift; path = MetricKitManager.swift; sourceTree = "<group>"; };
		4642A1D82DD5E93800A20E19 /* MimeiFileType.swift */ = {isa = PBXFileReference; lastKnownFileType = sourcecode.swift; path = MimeiFileType.swift; sourceTree = "<group>"; };
		4642A1DA2DD61FBC00A20E19 /* PreferenceHelper.swift */ = {isa = PBXFileReference; lastKnownFileType = sourcecode.swift; path = PreferenceHelper.swift; sourceTree = "<group>"; };
		4642A1DC2DD62CCB00A20E19 /* Gadget.swift */ = {isa = PBXFileReference; lastKnownFileType = sourcecode.swift; path = Gadget.swift; sourceTree = "<group>"; };
		46704DDD2DD72E58001D69B9 /* Info.plist */ = {isa = PBXFileReference; lastKnownFileType = text.plist.xml; name = Info.plist; path = Tweet/Info.plist; sourceTree = "<group>"; };
		46704DE12DD8CEF7001D69B9 /* MediaType.swift */ = {isa = PBXFileReference; lastKnownFileType = sourcecode.swift; path = MediaType.swift; sourceTree = "<group>"; };
		4674940C2DF08B780082FAC6 /* FollowingsTweetViewModel.swift */ = {isa = PBXFileReference; lastKnownFileType = sourcecode.swift; path = FollowingsTweetViewModel.swift; sourceTree = "<group>"; };
		4674940E2DF2C4D00082FAC6 /* CommentListView.swift */ = {isa = PBXFileReference; lastKnownFileType = sourcecode.swift; path = CommentListView.swift; sourceTree = "<group>"; };
		467494122DF33BF50082FAC6 /* CommentMenu.swift */ = {isa = PBXFileReference; lastKnownFileType = sourcecode.swift; path = CommentMenu.swift; sourceTree = "<group>"; };
		467494162DF4A13E0082FAC6 /* CommentDetailView.swift */ = {isa = PBXFileReference; lastKnownFileType = sourcecode.swift; path = CommentDetailView.swift; sourceTree = "<group>"; };
		467494202DF8858F0082FAC6 /* UserRowView.swift */ = {isa = PBXFileReference; lastKnownFileType = sourcecode.swift; path = UserRowView.swift; sourceTree = "<group>"; };
		468384A02DFE9EAB0079ECC5 /* MediaBrowserView.swift */ = {isa = PBXFileReference; lastKnownFileType = sourcecode.swift; path = MediaBrowserView.swift; sourceTree = "<group>"; };
		468CF20D2E39AF3900D49038 /* ChatRepository.swift */ = {isa = PBXFileReference; lastKnownFileType = sourcecode.swift; path = ChatRepository.swift; sourceTree = "<group>"; };
		468CF20F2E39AF5900D49038 /* ChatMessage.swift */ = {isa = PBXFileReference; lastKnownFileType = sourcecode.swift; path = ChatMessage.swift; sourceTree = "<group>"; };
		468CF2172E39B06900D49038 /* BadgeView.swift */ = {isa = PBXFileReference; lastKnownFileType = sourcecode.swift; path = BadgeView.swift; sourceTree = "<group>"; };
		468CF21B2E39C99200D49038 /* ChatListScreen.swift */ = {isa = PBXFileReference; lastKnownFileType = sourcecode.swift; path = ChatListScreen.swift; sourceTree = "<group>"; };
		468CF21C2E39C99200D49038 /* ChatScreen.swift */ = {isa = PBXFileReference; lastKnownFileType = sourcecode.swift; path = ChatScreen.swift; sourceTree = "<group>"; };
		468CF21E2E39C99200D49038 /* SearchScreen.swift */ = {isa = PBXFileReference; lastKnownFileType = sourcecode.swift; path = SearchScreen.swift; sourceTree = "<group>"; };
		468CF2232E39CC7C00D49038 /* AppHeaderView.swift */ = {isa = PBXFileReference; lastKnownFileType = sourcecode.swift; path = AppHeaderView.swift; sourceTree = "<group>"; };
		468CF2242E39CC7C00D49038 /* TabButton.swift */ = {isa = PBXFileReference; lastKnownFileType = sourcecode.swift; path = TabButton.swift; sourceTree = "<group>"; };
		468CF2272E39CC8900D49038 /* ChatBubbleShape.swift */ = {isa = PBXFileReference; lastKnownFileType = sourcecode.swift; path = ChatBubbleShape.swift; sourceTree = "<group>"; };
		468CF2292E39FBBC00D49038 /* ChatSessionRepository.swift */ = {isa = PBXFileReference; lastKnownFileType = sourcecode.swift; path = ChatSessionRepository.swift; sourceTree = "<group>"; };
		468CF22B2E3A619A00D49038 /* ChatSessionManager.swift */ = {isa = PBXFileReference; lastKnownFileType = sourcecode.swift; path = ChatSessionManager.swift; sourceTree = "<group>"; };
		468CF22D2E3A69F700D49038 /* StartChatView.swift */ = {isa = PBXFileReference; lastKnownFileType = sourcecode.swift; path = StartChatView.swift; sourceTree = "<group>"; };
		469A99492DEB163F00954049 /* ToastView.swift */ = {isa = PBXFileReference; lastKnownFileType = sourcecode.swift; path = ToastView.swift; sourceTree = "<group>"; };
		469A994C2DEB31EF00954049 /* NotificationNames.swift */ = {isa = PBXFileReference; lastKnownFileType = sourcecode.swift; path = NotificationNames.swift; sourceTree = "<group>"; };
		469A994F2DEBFBC100954049 /* Tweet.swift */ = {isa = PBXFileReference; lastKnownFileType = sourcecode.swift; path = Tweet.swift; sourceTree = "<group>"; };
		469A99522DEC744200954049 /* ProfileHeaderSection.swift */ = {isa = PBXFileReference; lastKnownFileType = sourcecode.swift; path = ProfileHeaderSection.swift; sourceTree = "<group>"; };
		469A99532DEC744200954049 /* ProfileStatsSection.swift */ = {isa = PBXFileReference; lastKnownFileType = sourcecode.swift; path = ProfileStatsSection.swift; sourceTree = "<group>"; };
		469A99542DEC744200954049 /* ProfileTweetsSection.swift */ = {isa = PBXFileReference; lastKnownFileType = sourcecode.swift; path = ProfileTweetsSection.swift; sourceTree = "<group>"; };
		469A995E2DEF300900954049 /* TweetCacheManager.swift */ = {isa = PBXFileReference; lastKnownFileType = sourcecode.swift; path = TweetCacheManager.swift; sourceTree = "<group>"; };
		469A99612DEF318C00954049 /* TweetModel.xcdatamodel */ = {isa = PBXFileReference; lastKnownFileType = wrapper.xcdatamodel; path = TweetModel.xcdatamodel; sourceTree = "<group>"; };
		469CF0EF2E27FEC000FBCDB8 /* AppDelegate.swift */ = {isa = PBXFileReference; lastKnownFileType = sourcecode.swift; path = AppDelegate.swift; sourceTree = "<group>"; };
		469CF0F12E27FED700FBCDB8 /* OrientationManager.swift */ = {isa = PBXFileReference; lastKnownFileType = sourcecode.swift; path = OrientationManager.swift; sourceTree = "<group>"; };
		46B03D7E2E474E21000E08DF /* ContextualVideoPlayer.swift */ = {isa = PBXFileReference; lastKnownFileType = sourcecode.swift; path = ContextualVideoPlayer.swift; sourceTree = "<group>"; };
		46B03D802E474E63000E08DF /* VideoAssetCache.swift */ = {isa = PBXFileReference; lastKnownFileType = sourcecode.swift; path = VideoAssetCache.swift; sourceTree = "<group>"; };
		46B03D822E4755D9000E08DF /* SingletonVideoManagers.swift */ = {isa = PBXFileReference; lastKnownFileType = sourcecode.swift; path = SingletonVideoManagers.swift; sourceTree = "<group>"; };
		46B1F4DF2E05AF3700B3CE6C /* HLSVideoProcessor.swift */ = {isa = PBXFileReference; lastKnownFileType = sourcecode.swift; path = HLSVideoProcessor.swift; sourceTree = "<group>"; };
		46B1F59B2E07DA7D00B3CE6C /* FFmpegWrapper.h */ = {isa = PBXFileReference; lastKnownFileType = sourcecode.c.h; path = FFmpegWrapper.h; sourceTree = "<group>"; };
		46B1F59C2E07DA7D00B3CE6C /* FFmpegWrapper.c */ = {isa = PBXFileReference; lastKnownFileType = sourcecode.c.c; path = FFmpegWrapper.c; sourceTree = "<group>"; };
		46B1F59E2E07FD9900B3CE6C /* FFmpegManager.swift */ = {isa = PBXFileReference; lastKnownFileType = sourcecode.swift; path = FFmpegManager.swift; sourceTree = "<group>"; };
		46B95F4B2E0EF77100D81590 /* ImageCacheManager.swift */ = {isa = PBXFileReference; lastKnownFileType = sourcecode.swift; path = ImageCacheManager.swift; sourceTree = "<group>"; };
		46B95F4D2E0F98CE00D81590 /* ThemeManager.swift */ = {isa = PBXFileReference; lastKnownFileType = sourcecode.swift; path = ThemeManager.swift; sourceTree = "<group>"; };
		46B95F4F2E1269F500D81590 /* IdentifiablePhotosPickerItem.swift */ = {isa = PBXFileReference; lastKnownFileType = sourcecode.swift; path = IdentifiablePhotosPickerItem.swift; sourceTree = "<group>"; };
		46E5B3012DD9FC3B00AEF31F /* ProfileView.swift */ = {isa = PBXFileReference; lastKnownFileType = sourcecode.swift; name = ProfileView.swift; path = Sources/Features/Profile/ProfileView.swift; sourceTree = SOURCE_ROOT; };
		46E5B32A2DDA038E00AEF31F /* AppConfig.swift */ = {isa = PBXFileReference; lastKnownFileType = sourcecode.swift; path = AppConfig.swift; sourceTree = "<group>"; };
		46E5B3312DDA1AF500AEF31F /* Assets.xcassets */ = {isa = PBXFileReference; lastKnownFileType = folder.assetcatalog; name = Assets.xcassets; path = Tweet/Assets.xcassets; sourceTree = SOURCE_ROOT; };
		46E5B3352DDA315700AEF31F /* FollowingsTweetView.swift */ = {isa = PBXFileReference; lastKnownFileType = sourcecode.swift; path = FollowingsTweetView.swift; sourceTree = "<group>"; };
		46E5B3362DDA315700AEF31F /* RecommendedTweetView.swift */ = {isa = PBXFileReference; lastKnownFileType = sourcecode.swift; path = RecommendedTweetView.swift; sourceTree = "<group>"; };
		46E5B3382DDA315700AEF31F /* TweetItemView.swift */ = {isa = PBXFileReference; lastKnownFileType = sourcecode.swift; path = TweetItemView.swift; sourceTree = "<group>"; };
		46E5B33E2DDAB74400AEF31F /* TweetActionButtonsView.swift */ = {isa = PBXFileReference; lastKnownFileType = sourcecode.swift; path = TweetActionButtonsView.swift; sourceTree = "<group>"; };
		46E5B33F2DDAB74400AEF31F /* TweetItemBodyView.swift */ = {isa = PBXFileReference; lastKnownFileType = sourcecode.swift; path = TweetItemBodyView.swift; sourceTree = "<group>"; };
		46E5B3402DDAB74400AEF31F /* TweetItemHeaderView.swift */ = {isa = PBXFileReference; lastKnownFileType = sourcecode.swift; path = TweetItemHeaderView.swift; sourceTree = "<group>"; };
		46E5B3462DDC0CF500AEF31F /* Avatar.swift */ = {isa = PBXFileReference; lastKnownFileType = sourcecode.swift; path = Avatar.swift; sourceTree = "<group>"; };
		46E5B3482DDC0F5B00AEF31F /* MediaGridView.swift */ = {isa = PBXFileReference; lastKnownFileType = sourcecode.swift; path = MediaGridView.swift; sourceTree = "<group>"; };
		46E5B34A2DDC155200AEF31F /* MediaCell.swift */ = {isa = PBXFileReference; lastKnownFileType = sourcecode.swift; path = MediaCell.swift; sourceTree = "<group>"; };
		46E5B34E2DDC9F1B00AEF31F /* ProfileView.swift */ = {isa = PBXFileReference; lastKnownFileType = sourcecode.swift; path = ProfileView.swift; sourceTree = "<group>"; };
		46E5B3502DDC9FFC00AEF31F /* Settings.swift */ = {isa = PBXFileReference; lastKnownFileType = sourcecode.swift; path = Settings.swift; sourceTree = "<group>"; };
		46E5B3522DDD6A7A00AEF31F /* TweetDetailView.swift */ = {isa = PBXFileReference; lastKnownFileType = sourcecode.swift; path = TweetDetailView.swift; sourceTree = "<group>"; };
		46E5B3562DDF74B500AEF31F /* CommentComposeView.swift */ = {isa = PBXFileReference; lastKnownFileType = sourcecode.swift; path = CommentComposeView.swift; sourceTree = "<group>"; };
		46E5B3582DE005EC00AEF31F /* ThumbnailView.swift */ = {isa = PBXFileReference; lastKnownFileType = sourcecode.swift; path = ThumbnailView.swift; sourceTree = "<group>"; };
		46E5B3602DE16FD300AEF31F /* Login.swift */ = {isa = PBXFileReference; lastKnownFileType = sourcecode.swift; path = Login.swift; sourceTree = "<group>"; };
		46E5B3622DE1702C00AEF31F /* Registration.swift */ = {isa = PBXFileReference; lastKnownFileType = sourcecode.swift; path = Registration.swift; sourceTree = "<group>"; };
		46E5B3642DE21A3400AEF31F /* UserListView.swift */ = {isa = PBXFileReference; lastKnownFileType = sourcecode.swift; path = UserListView.swift; sourceTree = "<group>"; };
		46E5B3662DE2DD2900AEF31F /* TweetListView.swift */ = {isa = PBXFileReference; lastKnownFileType = sourcecode.swift; path = TweetListView.swift; sourceTree = "<group>"; };
		46E5B3682DE35E0A00AEF31F /* ProfileHeaderView.swift */ = {isa = PBXFileReference; lastKnownFileType = sourcecode.swift; path = ProfileHeaderView.swift; sourceTree = "<group>"; };
		46E5B3692DE35E0A00AEF31F /* ProfileStatsView.swift */ = {isa = PBXFileReference; lastKnownFileType = sourcecode.swift; path = ProfileStatsView.swift; sourceTree = "<group>"; };
		46E5B36C2DE3617400AEF31F /* AvatarFullScreenView.swift */ = {isa = PBXFileReference; lastKnownFileType = sourcecode.swift; path = AvatarFullScreenView.swift; sourceTree = "<group>"; };
		46E8A7D22DE9D0DF00A30FBA /* CommentItemView.swift */ = {isa = PBXFileReference; lastKnownFileType = sourcecode.swift; path = CommentItemView.swift; sourceTree = "<group>"; };
		46E8A7D42DE9F14A00A30FBA /* CommentsViewModel.swift */ = {isa = PBXFileReference; lastKnownFileType = sourcecode.swift; path = CommentsViewModel.swift; sourceTree = "<group>"; };
		46F3BFCB2DFB06F400059F18 /* SimpleVideoPlayer.swift */ = {isa = PBXFileReference; lastKnownFileType = sourcecode.swift; path = SimpleVideoPlayer.swift; sourceTree = "<group>"; };
		46F3BFCD2DFB3F1100059F18 /* SimpleAudioPlayer.swift */ = {isa = PBXFileReference; lastKnownFileType = sourcecode.swift; path = SimpleAudioPlayer.swift; sourceTree = "<group>"; };
		5515A99E9BD93216D2C4BCA4 /* Pods-Tweet.release.xcconfig */ = {isa = PBXFileReference; includeInIndex = 1; lastKnownFileType = text.xcconfig; name = "Pods-Tweet.release.xcconfig"; path = "Target Support Files/Pods-Tweet/Pods-Tweet.release.xcconfig"; sourceTree = "<group>"; };
		98729E031BD14CADF7E78810 /* Pods-Tweet.debug.xcconfig */ = {isa = PBXFileReference; includeInIndex = 1; lastKnownFileType = text.xcconfig; name = "Pods-Tweet.debug.xcconfig"; path = "Target Support Files/Pods-Tweet/Pods-Tweet.debug.xcconfig"; sourceTree = "<group>"; };
/* End PBXFileReference section */

/* Begin PBXFrameworksBuildPhase section */
		1A1A1A1A1A1A1A1A1A1A1A02 /* Frameworks */ = {
			isa = PBXFrameworksBuildPhase;
			buildActionMask = 2147483647;
			files = (
				CA8FCEEC89259B8FD761147C /* Pods_Tweet.framework in Frameworks */,
			);
			runOnlyForDeploymentPostprocessing = 0;
		};
/* End PBXFrameworksBuildPhase section */

/* Begin PBXGroup section */
		15B15E6C0026656AE45C20D3 /* Frameworks */ = {
			isa = PBXGroup;
			children = (
				16C65942A958AA33DC9832F5 /* Pods_Tweet.framework */,
			);
			name = Frameworks;
			sourceTree = "<group>";
		};
		1A1A1A1A1A1A1A1A1A1A1A03 = {
			isa = PBXGroup;
			children = (
				460680F52E1660C700D9D15A /* Tweet */,
				469A99602DEF318C00954049 /* TweetModel.xcdatamodeld */,
				1A1A1A1A1A1A1A1A1A1A1A04 /* Sources */,
				1A1A1A1A1A1A1A1A1A1A1A05 /* Products */,
				2BBC082D2DAEEBDF87B8798F /* Pods */,
				46E5B3312DDA1AF500AEF31F /* Assets.xcassets */,
				46704DDD2DD72E58001D69B9 /* Info.plist */,
				46E5B3342DDA1E8100AEF31F /* Recovered References */,
				15B15E6C0026656AE45C20D3 /* Frameworks */,
			);
			sourceTree = "<group>";
		};
		1A1A1A1A1A1A1A1A1A1A1A04 /* Sources */ = {
			isa = PBXGroup;
			children = (
				4629FB172DFFE9FB00588941 /* Utils */,
				469A99512DEBFC2A00954049 /* Tweet */,
				1A1A1A1A1A1A1A1A1A1A1A07 /* App */,
				1A1A1A1A1A1A1A1A1A1A1A08 /* Screens */,
				1A1A1A1A1A1A1A1A1A1A1A09 /* Core */,
				1A1A1A1A1A1A1A1A1A1A1A0A /* Features */,
				1A1A1A1A1A1A1A1A1A1A1A0B /* DataModels */,
			);
			path = Sources;
			sourceTree = "<group>";
		};
		1A1A1A1A1A1A1A1A1A1A1A05 /* Products */ = {
			isa = PBXGroup;
			children = (
				1A1A1A1A1A1A1A1A1A1A1A01 /* Tweet.app */,
			);
			name = Products;
			sourceTree = "<group>";
		};
		1A1A1A1A1A1A1A1A1A1A1A07 /* App */ = {
			isa = PBXGroup;
			children = (
				469CF0EF2E27FEC000FBCDB8 /* AppDelegate.swift */,
				46E5B32A2DDA038E00AEF31F /* AppConfig.swift */,
				1A1A1A1A1A1A1A1A1A1A1A1B /* TweetApp.swift */,
				1A1A1A1A1A1A1A1A1A1A1A1D /* ContentView.swift */,
			);
			path = App;
			sourceTree = "<group>";
		};
		1A1A1A1A1A1A1A1A1A1A1A08 /* Screens */ = {
			isa = PBXGroup;
			children = (
				46E5B3622DE1702C00AEF31F /* Registration.swift */,
				46E5B3602DE16FD300AEF31F /* Login.swift */,
				46E5B3502DDC9FFC00AEF31F /* Settings.swift */,
			);
			path = Screens;
			sourceTree = "<group>";
		};
		1A1A1A1A1A1A1A1A1A1A1A09 /* Core */ = {
			isa = PBXGroup;
			children = (
				4614381C2E3F69AD002D1B22 /* CoreDataManager.swift */,
				4614381A2E3F5E97002D1B22 /* BlackList.swift */,
				461438162E3E426A002D1B22 /* ChatCacheManager.swift */,
				46B1F59E2E07FD9900B3CE6C /* FFmpegManager.swift */,
				46B1F59B2E07DA7D00B3CE6C /* FFmpegWrapper.h */,
				46B1F59C2E07DA7D00B3CE6C /* FFmpegWrapper.c */,
				46B1F4DF2E05AF3700B3CE6C /* HLSVideoProcessor.swift */,
				469A995E2DEF300900954049 /* TweetCacheManager.swift */,
				469A994C2DEB31EF00954049 /* NotificationNames.swift */,
				4608E2D72DD5CA640051A92D /* HproseInstance.swift */,
			);
			path = Core;
			sourceTree = "<group>";
		};
		1A1A1A1A1A1A1A1A1A1A1A0A /* Features */ = {
			isa = PBXGroup;
			children = (
				468CF21D2E39C99200D49038 /* Chat */,
				468CF21F2E39C99200D49038 /* Search */,
				46E5B3282DDA02E200AEF31F /* Profile */,
				1A1A1A1A1A1A1A1A1A1A1A0D /* Home */,
				1A1A1A1A1A1A1A1A1A1A1A0E /* Compose */,
				469A994E2DEBF89B00954049 /* MediaViews */,
			);
			path = Features;
			sourceTree = "<group>";
		};
		1A1A1A1A1A1A1A1A1A1A1A0B /* DataModels */ = {
			isa = PBXGroup;
			children = (
				461438182E3EEE2D002D1B22 /* MimeiId.swift */,
				468CF20F2E39AF5900D49038 /* ChatMessage.swift */,
				460680E92E16302C00D9D15A /* Constants.swift */,
				469A994F2DEBFBC100954049 /* Tweet.swift */,
				46704DE12DD8CEF7001D69B9 /* MediaType.swift */,
				4642A1D82DD5E93800A20E19 /* MimeiFileType.swift */,
				4608E2D92DD5CD920051A92D /* User.swift */,
				46B95F4F2E1269F500D81590 /* IdentifiablePhotosPickerItem.swift */,
			);
			path = DataModels;
			sourceTree = "<group>";
		};
		1A1A1A1A1A1A1A1A1A1A1A0D /* Home */ = {
			isa = PBXGroup;
			children = (
				4674940C2DF08B780082FAC6 /* FollowingsTweetViewModel.swift */,
				1A1A1A1A1A1A1A1A1A1A1A25 /* HomeViewModel.swift */,
				46E5B3352DDA315700AEF31F /* FollowingsTweetView.swift */,
				46E5B3362DDA315700AEF31F /* RecommendedTweetView.swift */,
			);
			path = Home;
			sourceTree = "<group>";
		};
		1A1A1A1A1A1A1A1A1A1A1A0E /* Compose */ = {
			isa = PBXGroup;
			children = (
				1A1A1A1A1A1A1A1A1A1A1A27 /* ComposeTweetView.swift */,
				1A1A1A1A1A1A1A1A1A1A1A29 /* ComposeTweetViewModel.swift */,
				1A1A1A1A1A1A1A1A1A1A1A2B /* PollCreationView.swift */,
				1A1A1A1A1A1A1A1A1A1A1A2D /* LocationPickerView.swift */,
				46E5B3562DDF74B500AEF31F /* CommentComposeView.swift */,
				46E5B3582DE005EC00AEF31F /* ThumbnailView.swift */,
			);
			path = Compose;
			sourceTree = "<group>";
		};
		2BBC082D2DAEEBDF87B8798F /* Pods */ = {
			isa = PBXGroup;
			children = (
				98729E031BD14CADF7E78810 /* Pods-Tweet.debug.xcconfig */,
				5515A99E9BD93216D2C4BCA4 /* Pods-Tweet.release.xcconfig */,
			);
			path = Pods;
			sourceTree = "<group>";
		};
		460680EE2E1660C700D9D15A /* Preview Content */ = {
			isa = PBXGroup;
			children = (
				460680ED2E1660C700D9D15A /* Assets.xcassets */,
			);
			path = "Preview Content";
			sourceTree = "<group>";
		};
		460680F52E1660C700D9D15A /* Tweet */ = {
			isa = PBXGroup;
			children = (
				460680EE2E1660C700D9D15A /* Preview Content */,
				460680EF2E1660C700D9D15A /* Assets.xcassets */,
				460680F32E1660C700D9D15A /* Localizable.strings */,
			);
			path = Tweet;
			sourceTree = "<group>";
		};
		4629FB172DFFE9FB00588941 /* Utils */ = {
			isa = PBXGroup;
			children = (
				46B03D822E4755D9000E08DF /* SingletonVideoManagers.swift */,
				46B03D802E474E63000E08DF /* VideoAssetCache.swift */,
				461438262E44DCCB002D1B22 /* VideoManager.swift */,
				468CF2232E39CC7C00D49038 /* AppHeaderView.swift */,
				468CF2242E39CC7C00D49038 /* TabButton.swift */,
				468CF2172E39B06900D49038 /* BadgeView.swift */,
				469CF0F12E27FED700FBCDB8 /* OrientationManager.swift */,
				460680EB2E165F8300D9D15A /* LocalizationHelper.swift */,
				460680E72E16264C00D9D15A /* VideoCacheManager.swift */,
				46B95F4D2E0F98CE00D81590 /* ThemeManager.swift */,
				46B95F4B2E0EF77100D81590 /* ImageCacheManager.swift */,
				469A99492DEB163F00954049 /* ToastView.swift */,
				4642A1DA2DD61FBC00A20E19 /* PreferenceHelper.swift */,
				4642A1DC2DD62CCB00A20E19 /* Gadget.swift */,
				4629FB182DFFEA3100588941 /* MetricKitManager.swift */,
			);
			path = Utils;
			sourceTree = "<group>";
		};
		468CF21D2E39C99200D49038 /* Chat */ = {
			isa = PBXGroup;
			children = (
				461438222E403E98002D1B22 /* ChatMessageView.swift */,
				468CF22D2E3A69F700D49038 /* StartChatView.swift */,
				468CF22B2E3A619A00D49038 /* ChatSessionManager.swift */,
				468CF2272E39CC8900D49038 /* ChatBubbleShape.swift */,
				468CF21B2E39C99200D49038 /* ChatListScreen.swift */,
				468CF21C2E39C99200D49038 /* ChatScreen.swift */,
				468CF20D2E39AF3900D49038 /* ChatRepository.swift */,
				468CF2292E39FBBC00D49038 /* ChatSessionRepository.swift */,
			);
			path = Chat;
			sourceTree = "<group>";
		};
		468CF21F2E39C99200D49038 /* Search */ = {
			isa = PBXGroup;
			children = (
				468CF21E2E39C99200D49038 /* SearchScreen.swift */,
			);
			path = Search;
			sourceTree = "<group>";
		};
		469A994E2DEBF89B00954049 /* MediaViews */ = {
			isa = PBXGroup;
			children = (
				46B03D7E2E474E21000E08DF /* ContextualVideoPlayer.swift */,
				461438242E4042E1002D1B22 /* ZoomableImageView.swift */,
				468384A02DFE9EAB0079ECC5 /* MediaBrowserView.swift */,
				46F3BFCD2DFB3F1100059F18 /* SimpleAudioPlayer.swift */,
				46F3BFCB2DFB06F400059F18 /* SimpleVideoPlayer.swift */,
				46E5B36C2DE3617400AEF31F /* AvatarFullScreenView.swift */,
				46E5B34A2DDC155200AEF31F /* MediaCell.swift */,
				46E5B3482DDC0F5B00AEF31F /* MediaGridView.swift */,
				46E5B3462DDC0CF500AEF31F /* Avatar.swift */,
			);
			path = MediaViews;
			sourceTree = "<group>";
		};
		469A99512DEBFC2A00954049 /* Tweet */ = {
			isa = PBXGroup;
			children = (
				467494162DF4A13E0082FAC6 /* CommentDetailView.swift */,
				467494122DF33BF50082FAC6 /* CommentMenu.swift */,
				4674940E2DF2C4D00082FAC6 /* CommentListView.swift */,
				46E8A7D42DE9F14A00A30FBA /* CommentsViewModel.swift */,
				46E8A7D22DE9D0DF00A30FBA /* CommentItemView.swift */,
				46E5B3402DDAB74400AEF31F /* TweetItemHeaderView.swift */,
				46E5B33F2DDAB74400AEF31F /* TweetItemBodyView.swift */,
				46E5B3662DE2DD2900AEF31F /* TweetListView.swift */,
				46E5B3382DDA315700AEF31F /* TweetItemView.swift */,
				46E5B33E2DDAB74400AEF31F /* TweetActionButtonsView.swift */,
				46E5B3522DDD6A7A00AEF31F /* TweetDetailView.swift */,
			);
			path = Tweet;
			sourceTree = "<group>";
		};
		46E5B3282DDA02E200AEF31F /* Profile */ = {
			isa = PBXGroup;
			children = (
				467494202DF8858F0082FAC6 /* UserRowView.swift */,
				469A99522DEC744200954049 /* ProfileHeaderSection.swift */,
				469A99532DEC744200954049 /* ProfileStatsSection.swift */,
				469A99542DEC744200954049 /* ProfileTweetsSection.swift */,
				46E5B3682DE35E0A00AEF31F /* ProfileHeaderView.swift */,
				46E5B3692DE35E0A00AEF31F /* ProfileStatsView.swift */,
				46E5B3642DE21A3400AEF31F /* UserListView.swift */,
				46E5B34E2DDC9F1B00AEF31F /* ProfileView.swift */,
			);
			path = Profile;
			sourceTree = "<group>";
		};
		46E5B3342DDA1E8100AEF31F /* Recovered References */ = {
			isa = PBXGroup;
			children = (
				46E5B3012DD9FC3B00AEF31F /* ProfileView.swift */,
			);
			name = "Recovered References";
			sourceTree = "<group>";
		};
/* End PBXGroup section */

/* Begin PBXNativeTarget section */
		1A1A1A1A1A1A1A1A1A1A1A0F /* Tweet */ = {
			isa = PBXNativeTarget;
			buildConfigurationList = 1A1A1A1A1A1A1A1A1A1A1A10 /* Build configuration list for PBXNativeTarget "Tweet" */;
			buildPhases = (
				5499E604271535F4C9305C6D /* [CP] Check Pods Manifest.lock */,
				1A1A1A1A1A1A1A1A1A1A1A02 /* Frameworks */,
				1A1A1A1A1A1A1A1A1A1A1A11 /* Sources */,
				1A1A1A1A1A1A1A1A1A1A1A12 /* Resources */,
				9C5162FBFA79188DC00146B1 /* [CP] Embed Pods Frameworks */,
			);
			buildRules = (
			);
			dependencies = (
			);
			name = Tweet;
			productName = Tweet;
			productReference = 1A1A1A1A1A1A1A1A1A1A1A01 /* Tweet.app */;
			productType = "com.apple.product-type.application";
		};
/* End PBXNativeTarget section */

/* Begin PBXProject section */
		1A1A1A1A1A1A1A1A1A1A1A13 /* Project object */ = {
			isa = PBXProject;
			attributes = {
				BuildIndependentTargetsInParallel = 1;
				LastSwiftUpdateCheck = 1500;
				LastUpgradeCheck = 1640;
				TargetAttributes = {
					1A1A1A1A1A1A1A1A1A1A1A0F = {
						CreatedOnToolsVersion = 15.0;
					};
				};
			};
			buildConfigurationList = 1A1A1A1A1A1A1A1A1A1A1A14 /* Build configuration list for PBXProject "Tweet" */;
			compatibilityVersion = "Xcode 14.0";
			developmentRegion = en;
			hasScannedForEncodings = 0;
			knownRegions = (
				en,
				Base,
				"zh-Hans",
				ja,
			);
			mainGroup = 1A1A1A1A1A1A1A1A1A1A1A03;
			productRefGroup = 1A1A1A1A1A1A1A1A1A1A1A05 /* Products */;
			projectDirPath = "";
			projectRoot = "";
			targets = (
				1A1A1A1A1A1A1A1A1A1A1A0F /* Tweet */,
			);
		};
/* End PBXProject section */

/* Begin PBXResourcesBuildPhase section */
		1A1A1A1A1A1A1A1A1A1A1A12 /* Resources */ = {
			isa = PBXResourcesBuildPhase;
			buildActionMask = 2147483647;
			files = (
				460680F62E1660C700D9D15A /* Localizable.strings in Resources */,
				460680F72E1660C700D9D15A /* Assets.xcassets in Resources */,
				460680FA2E1660C700D9D15A /* Assets.xcassets in Resources */,
			);
			runOnlyForDeploymentPostprocessing = 0;
		};
/* End PBXResourcesBuildPhase section */

/* Begin PBXShellScriptBuildPhase section */
		5499E604271535F4C9305C6D /* [CP] Check Pods Manifest.lock */ = {
			isa = PBXShellScriptBuildPhase;
			buildActionMask = 2147483647;
			files = (
			);
			inputFileListPaths = (
			);
			inputPaths = (
				"${PODS_PODFILE_DIR_PATH}/Podfile.lock",
				"${PODS_ROOT}/Manifest.lock",
			);
			name = "[CP] Check Pods Manifest.lock";
			outputFileListPaths = (
			);
			outputPaths = (
				"$(DERIVED_FILE_DIR)/Pods-Tweet-checkManifestLockResult.txt",
			);
			runOnlyForDeploymentPostprocessing = 0;
			shellPath = /bin/sh;
			shellScript = "diff \"${PODS_PODFILE_DIR_PATH}/Podfile.lock\" \"${PODS_ROOT}/Manifest.lock\" > /dev/null\nif [ $? != 0 ] ; then\n    # print error to STDERR\n    echo \"error: The sandbox is not in sync with the Podfile.lock. Run 'pod install' or update your CocoaPods installation.\" >&2\n    exit 1\nfi\n# This output is used by Xcode 'outputs' to avoid re-running this script phase.\necho \"SUCCESS\" > \"${SCRIPT_OUTPUT_FILE_0}\"\n";
			showEnvVarsInLog = 0;
		};
		9C5162FBFA79188DC00146B1 /* [CP] Embed Pods Frameworks */ = {
			isa = PBXShellScriptBuildPhase;
			buildActionMask = 2147483647;
			files = (
			);
			inputFileListPaths = (
				"${PODS_ROOT}/Target Support Files/Pods-Tweet/Pods-Tweet-frameworks-${CONFIGURATION}-input-files.xcfilelist",
			);
			inputPaths = (
			);
			name = "[CP] Embed Pods Frameworks";
			outputFileListPaths = (
				"${PODS_ROOT}/Target Support Files/Pods-Tweet/Pods-Tweet-frameworks-${CONFIGURATION}-output-files.xcfilelist",
			);
			outputPaths = (
			);
			runOnlyForDeploymentPostprocessing = 0;
			shellPath = /bin/sh;
			shellScript = "\"${PODS_ROOT}/Target Support Files/Pods-Tweet/Pods-Tweet-frameworks.sh\"\n";
			showEnvVarsInLog = 0;
		};
/* End PBXShellScriptBuildPhase section */

/* Begin PBXSourcesBuildPhase section */
		1A1A1A1A1A1A1A1A1A1A1A11 /* Sources */ = {
			isa = PBXSourcesBuildPhase;
			buildActionMask = 2147483647;
			files = (
				469CF0F02E27FEC000FBCDB8 /* AppDelegate.swift in Sources */,
				46B03D812E474E63000E08DF /* VideoAssetCache.swift in Sources */,
				469A99552DEC744200954049 /* ProfileTweetsSection.swift in Sources */,
				468CF22E2E3A69F700D49038 /* StartChatView.swift in Sources */,
				4614381B2E3F5E97002D1B22 /* BlackList.swift in Sources */,
				468384A12DFE9EAB0079ECC5 /* MediaBrowserView.swift in Sources */,
				469A99562DEC744200954049 /* ProfileHeaderSection.swift in Sources */,
				469A99572DEC744200954049 /* ProfileStatsSection.swift in Sources */,
				46E5B3492DDC0F6900AEF31F /* MediaGridView.swift in Sources */,
				46E5B3612DE16FD800AEF31F /* Login.swift in Sources */,
				46704DE22DD8CF07001D69B9 /* MediaType.swift in Sources */,
				46F3BFCE2DFB3F1100059F18 /* SimpleAudioPlayer.swift in Sources */,
				469A99622DEF318C00954049 /* TweetModel.xcdatamodeld in Sources */,
				46E5B3422DDAB74400AEF31F /* TweetActionButtonsView.swift in Sources */,
				46E8A7D52DE9F15100A30FBA /* CommentsViewModel.swift in Sources */,
				467494212DF885940082FAC6 /* UserRowView.swift in Sources */,
				46E5B3432DDAB74400AEF31F /* TweetItemBodyView.swift in Sources */,
				467494132DF33BFD0082FAC6 /* CommentMenu.swift in Sources */,
				468CF22A2E39FBBC00D49038 /* ChatSessionRepository.swift in Sources */,
				46E5B3442DDAB74400AEF31F /* TweetItemHeaderView.swift in Sources */,
				1A1A1A1A1A1A1A1A1A1A1A1A /* TweetApp.swift in Sources */,
				468CF22C2E3A619A00D49038 /* ChatSessionManager.swift in Sources */,
				468CF2282E39CC8900D49038 /* ChatBubbleShape.swift in Sources */,
				1A1A1A1A1A1A1A1A1A1A1A1C /* ContentView.swift in Sources */,
				46F3BFCC2DFB06F500059F18 /* SimpleVideoPlayer.swift in Sources */,
				46E5B3592DE005EC00AEF31F /* ThumbnailView.swift in Sources */,
				460680EA2E16303100D9D15A /* Constants.swift in Sources */,
				46E5B3472DDC0CFB00AEF31F /* Avatar.swift in Sources */,
				4674940F2DF2C4D60082FAC6 /* CommentListView.swift in Sources */,
				4608E2D82DD5CA640051A92D /* HproseInstance.swift in Sources */,
				4642A1DB2DD61FBC00A20E19 /* PreferenceHelper.swift in Sources */,
				461438232E403EAB002D1B22 /* ChatMessageView.swift in Sources */,
				461438252E4042E1002D1B22 /* ZoomableImageView.swift in Sources */,
				468CF21A2E39B06900D49038 /* BadgeView.swift in Sources */,
				46B03D7F2E474E21000E08DF /* ContextualVideoPlayer.swift in Sources */,
				46B1F59D2E07DA7D00B3CE6C /* FFmpegWrapper.c in Sources */,
				4629FB192DFFEA3100588941 /* MetricKitManager.swift in Sources */,
				4614381D2E3F69AD002D1B22 /* CoreDataManager.swift in Sources */,
				46B03D832E4755D9000E08DF /* SingletonVideoManagers.swift in Sources */,
				1A1A1A1A1A1A1A1A1A1A1A24 /* HomeViewModel.swift in Sources */,
				461438192E3EEE2D002D1B22 /* MimeiId.swift in Sources */,
				469CF0F22E27FED700FBCDB8 /* OrientationManager.swift in Sources */,
				468CF2102E39AF5900D49038 /* ChatMessage.swift in Sources */,
				46E5B3022DD9FC3B00AEF31F /* ProfileView.swift in Sources */,
				468CF20E2E39AF3A00D49038 /* ChatRepository.swift in Sources */,
				46E5B34B2DDC155600AEF31F /* MediaCell.swift in Sources */,
				1A1A1A1A1A1A1A1A1A1A1A26 /* ComposeTweetView.swift in Sources */,
				469A994D2DEB31EF00954049 /* NotificationNames.swift in Sources */,
				46E5B32B2DDA038E00AEF31F /* AppConfig.swift in Sources */,
				46B95F4C2E0EF77500D81590 /* ImageCacheManager.swift in Sources */,
				46E5B3652DE21A3400AEF31F /* UserListView.swift in Sources */,
				469A995F2DEF300900954049 /* TweetCacheManager.swift in Sources */,
				46E5B36A2DE35E0A00AEF31F /* ProfileStatsView.swift in Sources */,
				467494172DF4A1460082FAC6 /* CommentDetailView.swift in Sources */,
				46B95F502E1269F500D81590 /* IdentifiablePhotosPickerItem.swift in Sources */,
				469A994B2DEB163F00954049 /* ToastView.swift in Sources */,
				46E5B36B2DE35E0A00AEF31F /* ProfileHeaderView.swift in Sources */,
				4642A1D92DD5E93900A20E19 /* MimeiFileType.swift in Sources */,
				4642A1DD2DD62CCB00A20E19 /* Gadget.swift in Sources */,
				4608E2DA2DD5CD920051A92D /* User.swift in Sources */,
				468CF2252E39CC7C00D49038 /* AppHeaderView.swift in Sources */,
				468CF2262E39CC7C00D49038 /* TabButton.swift in Sources */,
				461438272E44DCCC002D1B22 /* VideoManager.swift in Sources */,
				460680EC2E165F8300D9D15A /* LocalizationHelper.swift in Sources */,
				46E5B3632DE1703200AEF31F /* Registration.swift in Sources */,
				1A1A1A1A1A1A1A1A1A1A1A28 /* ComposeTweetViewModel.swift in Sources */,
				46E5B3572DDF74B500AEF31F /* CommentComposeView.swift in Sources */,
				46B95F4E2E0F98CE00D81590 /* ThemeManager.swift in Sources */,
				46B1F4E02E05AF3700B3CE6C /* HLSVideoProcessor.swift in Sources */,
				1A1A1A1A1A1A1A1A1A1A1A2A /* PollCreationView.swift in Sources */,
				468CF2202E39C99200D49038 /* SearchScreen.swift in Sources */,
				468CF2212E39C99200D49038 /* ChatListScreen.swift in Sources */,
				468CF2222E39C99200D49038 /* ChatScreen.swift in Sources */,
				46E5B36D2DE3617400AEF31F /* AvatarFullScreenView.swift in Sources */,
				469A99502DEBFBC100954049 /* Tweet.swift in Sources */,
				46E5B3512DDCA00000AEF31F /* Settings.swift in Sources */,
				1A1A1A1A1A1A1A1A1A1A1A2C /* LocationPickerView.swift in Sources */,
				46E5B3672DE2DD2900AEF31F /* TweetListView.swift in Sources */,
				46E5B33A2DDA315700AEF31F /* RecommendedTweetView.swift in Sources */,
				46E5B33B2DDA315700AEF31F /* TweetItemView.swift in Sources */,
				460680E82E16264C00D9D15A /* VideoCacheManager.swift in Sources */,
				461438172E3E426A002D1B22 /* ChatCacheManager.swift in Sources */,
				46E5B33C2DDA315700AEF31F /* FollowingsTweetView.swift in Sources */,
				46B1F59F2E07FD9900B3CE6C /* FFmpegManager.swift in Sources */,
				46E8A7D32DE9D0E700A30FBA /* CommentItemView.swift in Sources */,
				46E5B3532DDD6A7A00AEF31F /* TweetDetailView.swift in Sources */,
				4674940D2DF08B7E0082FAC6 /* FollowingsTweetViewModel.swift in Sources */,
			);
			runOnlyForDeploymentPostprocessing = 0;
		};
/* End PBXSourcesBuildPhase section */

/* Begin PBXVariantGroup section */
		460680F32E1660C700D9D15A /* Localizable.strings */ = {
			isa = PBXVariantGroup;
			children = (
				460680F12E1660C700D9D15A /* ja */,
				460680F22E1660C700D9D15A /* zh-Hans */,
			);
			name = Localizable.strings;
			sourceTree = "<group>";
		};
/* End PBXVariantGroup section */

/* Begin XCBuildConfiguration section */
		1A1A1A1A1A1A1A1A1A1A1A15 /* Debug */ = {
			isa = XCBuildConfiguration;
			buildSettings = {
				ALWAYS_SEARCH_USER_PATHS = NO;
				ASSETCATALOG_COMPILER_GENERATE_SWIFT_ASSET_SYMBOL_EXTENSIONS = YES;
				CLANG_ANALYZER_LOCALIZABILITY_NONLOCALIZED = YES;
				CLANG_ANALYZER_NONNULL = YES;
				CLANG_ANALYZER_NUMBER_OBJECT_CONVERSION = YES_AGGRESSIVE;
				CLANG_CXX_LANGUAGE_STANDARD = "gnu++20";
				CLANG_ENABLE_MODULES = YES;
				CLANG_ENABLE_OBJC_ARC = YES;
				CLANG_ENABLE_OBJC_WEAK = YES;
				CLANG_WARN_BLOCK_CAPTURE_AUTORELEASING = YES;
				CLANG_WARN_BOOL_CONVERSION = YES;
				CLANG_WARN_COMMA = YES;
				CLANG_WARN_CONSTANT_CONVERSION = YES;
				CLANG_WARN_DEPRECATED_OBJC_IMPLEMENTATIONS = YES;
				CLANG_WARN_DIRECT_OBJC_ISA_USAGE = YES_ERROR;
				CLANG_WARN_DOCUMENTATION_COMMENTS = YES;
				CLANG_WARN_EMPTY_BODY = YES;
				CLANG_WARN_ENUM_CONVERSION = YES;
				CLANG_WARN_INFINITE_RECURSION = YES;
				CLANG_WARN_INT_CONVERSION = YES;
				CLANG_WARN_NON_LITERAL_NULL_CONVERSION = YES;
				CLANG_WARN_OBJC_IMPLICIT_RETAIN_SELF = YES;
				CLANG_WARN_OBJC_LITERAL_CONVERSION = YES;
				CLANG_WARN_OBJC_ROOT_CLASS = YES_ERROR;
				CLANG_WARN_QUOTED_INCLUDE_IN_FRAMEWORK_HEADER = YES;
				CLANG_WARN_RANGE_LOOP_ANALYSIS = YES;
				CLANG_WARN_STRICT_PROTOTYPES = YES;
				CLANG_WARN_SUSPICIOUS_MOVE = YES;
				CLANG_WARN_UNGUARDED_AVAILABILITY = YES_AGGRESSIVE;
				CLANG_WARN_UNREACHABLE_CODE = YES;
				CLANG_WARN__DUPLICATE_METHOD_MATCH = YES;
				COPY_PHASE_STRIP = NO;
				DEBUG_INFORMATION_FORMAT = dwarf;
				DEVELOPMENT_TEAM = 96LBXG78A7;
				ENABLE_STRICT_OBJC_MSGSEND = YES;
				ENABLE_TESTABILITY = YES;
				ENABLE_USER_SCRIPT_SANDBOXING = YES;
				GCC_C_LANGUAGE_STANDARD = gnu11;
				GCC_DYNAMIC_NO_PIC = NO;
				GCC_NO_COMMON_BLOCKS = YES;
				GCC_OPTIMIZATION_LEVEL = 0;
				GCC_PREPROCESSOR_DEFINITIONS = (
					"DEBUG=1",
					"$(inherited)",
				);
				GCC_WARN_64_TO_32_BIT_CONVERSION = YES;
				GCC_WARN_ABOUT_RETURN_TYPE = YES_ERROR;
				GCC_WARN_UNDECLARED_SELECTOR = YES;
				GCC_WARN_UNINITIALIZED_AUTOS = YES_AGGRESSIVE;
				GCC_WARN_UNUSED_FUNCTION = YES;
				GCC_WARN_UNUSED_VARIABLE = YES;
				HEADER_SEARCH_PATHS = (
					"$(inherited)",
					"$(SRCROOT)/Pods/hprose/src",
					"$(SRCROOT)/FFmpeg-iOS/include/**",
				);
				IPHONEOS_DEPLOYMENT_TARGET = 16.0;
				LD_RUNPATH_SEARCH_PATHS = "";
				MTL_ENABLE_DEBUG_INFO = INCLUDE_SOURCE;
				MTL_FAST_MATH = YES;
				ONLY_ACTIVE_ARCH = YES;
				SDKROOT = iphoneos;
				SWIFT_ACTIVE_COMPILATION_CONDITIONS = DEBUG;
				SWIFT_OPTIMIZATION_LEVEL = "-Onone";
				SWIFT_VERSION = "";
			};
			name = Debug;
		};
		1A1A1A1A1A1A1A1A1A1A1A16 /* Release */ = {
			isa = XCBuildConfiguration;
			buildSettings = {
				ALWAYS_SEARCH_USER_PATHS = NO;
				ASSETCATALOG_COMPILER_GENERATE_SWIFT_ASSET_SYMBOL_EXTENSIONS = YES;
				CLANG_ANALYZER_LOCALIZABILITY_NONLOCALIZED = YES;
				CLANG_ANALYZER_NONNULL = YES;
				CLANG_ANALYZER_NUMBER_OBJECT_CONVERSION = YES_AGGRESSIVE;
				CLANG_CXX_LANGUAGE_STANDARD = "gnu++20";
				CLANG_ENABLE_MODULES = YES;
				CLANG_ENABLE_OBJC_ARC = YES;
				CLANG_ENABLE_OBJC_WEAK = YES;
				CLANG_WARN_BLOCK_CAPTURE_AUTORELEASING = YES;
				CLANG_WARN_BOOL_CONVERSION = YES;
				CLANG_WARN_COMMA = YES;
				CLANG_WARN_CONSTANT_CONVERSION = YES;
				CLANG_WARN_DEPRECATED_OBJC_IMPLEMENTATIONS = YES;
				CLANG_WARN_DIRECT_OBJC_ISA_USAGE = YES_ERROR;
				CLANG_WARN_DOCUMENTATION_COMMENTS = YES;
				CLANG_WARN_EMPTY_BODY = YES;
				CLANG_WARN_ENUM_CONVERSION = YES;
				CLANG_WARN_INFINITE_RECURSION = YES;
				CLANG_WARN_INT_CONVERSION = YES;
				CLANG_WARN_NON_LITERAL_NULL_CONVERSION = YES;
				CLANG_WARN_OBJC_IMPLICIT_RETAIN_SELF = YES;
				CLANG_WARN_OBJC_LITERAL_CONVERSION = YES;
				CLANG_WARN_OBJC_ROOT_CLASS = YES_ERROR;
				CLANG_WARN_QUOTED_INCLUDE_IN_FRAMEWORK_HEADER = YES;
				CLANG_WARN_RANGE_LOOP_ANALYSIS = YES;
				CLANG_WARN_STRICT_PROTOTYPES = YES;
				CLANG_WARN_SUSPICIOUS_MOVE = YES;
				CLANG_WARN_UNGUARDED_AVAILABILITY = YES_AGGRESSIVE;
				CLANG_WARN_UNREACHABLE_CODE = YES;
				CLANG_WARN__DUPLICATE_METHOD_MATCH = YES;
				COPY_PHASE_STRIP = NO;
				DEBUG_INFORMATION_FORMAT = "dwarf-with-dsym";
				DEVELOPMENT_TEAM = 96LBXG78A7;
				ENABLE_NS_ASSERTIONS = NO;
				ENABLE_STRICT_OBJC_MSGSEND = YES;
				ENABLE_USER_SCRIPT_SANDBOXING = YES;
				GCC_C_LANGUAGE_STANDARD = gnu11;
				GCC_NO_COMMON_BLOCKS = YES;
				GCC_WARN_64_TO_32_BIT_CONVERSION = YES;
				GCC_WARN_ABOUT_RETURN_TYPE = YES_ERROR;
				GCC_WARN_UNDECLARED_SELECTOR = YES;
				GCC_WARN_UNINITIALIZED_AUTOS = YES_AGGRESSIVE;
				GCC_WARN_UNUSED_FUNCTION = YES;
				GCC_WARN_UNUSED_VARIABLE = YES;
				HEADER_SEARCH_PATHS = "$(SRCROOT)/FFmpeg-iOS/include/**";
				IPHONEOS_DEPLOYMENT_TARGET = 16.0;
				LD_RUNPATH_SEARCH_PATHS = "";
				MTL_ENABLE_DEBUG_INFO = NO;
				MTL_FAST_MATH = YES;
				SDKROOT = iphoneos;
				SWIFT_COMPILATION_MODE = wholemodule;
				SWIFT_OPTIMIZATION_LEVEL = "-O";
				SWIFT_VERSION = "";
				VALIDATE_PRODUCT = YES;
			};
			name = Release;
		};
		1A1A1A1A1A1A1A1A1A1A1A17 /* Debug */ = {
			isa = XCBuildConfiguration;
			baseConfigurationReference = 98729E031BD14CADF7E78810 /* Pods-Tweet.debug.xcconfig */;
			buildSettings = {
				ASSETCATALOG_COMPILER_APPICON_NAME = AppIcon;
				ASSETCATALOG_COMPILER_GLOBAL_ACCENT_COLOR_NAME = AccentColor;
				CODE_SIGN_STYLE = Automatic;
				CURRENT_PROJECT_VERSION = 1;
				DEVELOPMENT_ASSET_PATHS = "\"Tweet/Preview Content\"";
				ENABLE_PREVIEWS = YES;
				ENABLE_USER_SCRIPT_SANDBOXING = NO;
				GENERATE_INFOPLIST_FILE = YES;
				INFOPLIST_FILE = Tweet/Info.plist;
				INFOPLIST_KEY_CFBundleDisplayName = dTweet;
				INFOPLIST_KEY_LSApplicationCategoryType = "public.app-category.social-networking";
				INFOPLIST_KEY_UIApplicationSceneManifest_Generation = YES;
				INFOPLIST_KEY_UIApplicationSupportsIndirectInputEvents = YES;
				INFOPLIST_KEY_UILaunchScreen_Generation = YES;
				INFOPLIST_KEY_UISupportedInterfaceOrientations_iPad = "UIInterfaceOrientationPortrait UIInterfaceOrientationPortraitUpsideDown UIInterfaceOrientationLandscapeLeft UIInterfaceOrientationLandscapeRight";
				INFOPLIST_KEY_UISupportedInterfaceOrientations_iPhone = "UIInterfaceOrientationPortrait UIInterfaceOrientationLandscapeLeft UIInterfaceOrientationLandscapeRight";
				IPHONEOS_DEPLOYMENT_TARGET = 16.0;
				LD_RUNPATH_SEARCH_PATHS = (
					"$(inherited)",
					"@executable_path/Frameworks",
				);
				LIBRARY_SEARCH_PATHS = "$(SRCROOT)/FFmpeg-iOS/lib-$(PLATFORM_NAME)/**";
				MARKETING_VERSION = 1.0;
				OTHER_LDFLAGS = (
					"$(inherited)",
					"-framework",
					"\"CFNetwork\"",
					"-framework",
					"\"Security\"",
					"-framework",
					"\"VideoToolbox\"",
					"-framework",
					"\"hprose\"",
					"-lavformat",
					"-lavcodec",
					"-lavutil",
					"-lswscale",
					"-lswresample",
					"-lz",
					"-lm",
					"-lpthread",
					"-lbz2",
					"-liconv",
					"-Wl,-w",
				);
				PRODUCT_BUNDLE_IDENTIFIER = com.example.Tweet;
				PRODUCT_NAME = "$(TARGET_NAME)";
				SWIFT_EMIT_LOC_STRINGS = YES;
				SWIFT_OBJC_BRIDGING_HEADER = "Sources/Bridging-Header.h";
				SWIFT_VERSION = 5.0;
				TARGETED_DEVICE_FAMILY = "1,2";
				jjjj = "";
			};
			name = Debug;
		};
		1A1A1A1A1A1A1A1A1A1A1A18 /* Release */ = {
			isa = XCBuildConfiguration;
			baseConfigurationReference = 5515A99E9BD93216D2C4BCA4 /* Pods-Tweet.release.xcconfig */;
			buildSettings = {
				ASSETCATALOG_COMPILER_APPICON_NAME = AppIcon;
				ASSETCATALOG_COMPILER_GLOBAL_ACCENT_COLOR_NAME = AccentColor;
				CODE_SIGN_STYLE = Automatic;
				CURRENT_PROJECT_VERSION = 1;
				DEVELOPMENT_ASSET_PATHS = "\"Tweet/Preview Content\"";
				ENABLE_PREVIEWS = YES;
				ENABLE_USER_SCRIPT_SANDBOXING = NO;
				GENERATE_INFOPLIST_FILE = YES;
				INFOPLIST_FILE = Tweet/Info.plist;
				INFOPLIST_KEY_CFBundleDisplayName = dTweet;
				INFOPLIST_KEY_LSApplicationCategoryType = "public.app-category.social-networking";
				INFOPLIST_KEY_UIApplicationSceneManifest_Generation = YES;
				INFOPLIST_KEY_UIApplicationSupportsIndirectInputEvents = YES;
				INFOPLIST_KEY_UILaunchScreen_Generation = YES;
				INFOPLIST_KEY_UISupportedInterfaceOrientations_iPad = "UIInterfaceOrientationPortrait UIInterfaceOrientationPortraitUpsideDown UIInterfaceOrientationLandscapeLeft UIInterfaceOrientationLandscapeRight";
				INFOPLIST_KEY_UISupportedInterfaceOrientations_iPhone = "UIInterfaceOrientationPortrait UIInterfaceOrientationLandscapeLeft UIInterfaceOrientationLandscapeRight";
				LD_RUNPATH_SEARCH_PATHS = (
					"$(inherited)",
					"@executable_path/Frameworks",
				);
				LIBRARY_SEARCH_PATHS = "$(SRCROOT)/FFmpeg-iOS/lib-$(PLATFORM_NAME)/**";
				MARKETING_VERSION = 1.0;
				OTHER_LDFLAGS = (
					"$(inherited)",
					"-framework",
					"\"CFNetwork\"",
					"-framework",
					"\"Security\"",
					"-framework",
					"\"VideoToolbox\"",
					"-framework",
					"\"hprose\"",
					"-lavformat",
					"-lavcodec",
					"-lavutil",
					"-lswscale",
					"-lswresample",
					"-lz",
					"-lm",
					"-lpthread",
					"-lbz2",
					"-liconv",
					"-Wl,-w",
				);
				PRODUCT_BUNDLE_IDENTIFIER = com.example.Tweet;
				PRODUCT_NAME = "$(TARGET_NAME)";
				SWIFT_EMIT_LOC_STRINGS = YES;
				SWIFT_OBJC_BRIDGING_HEADER = "Sources/Bridging-Header.h";
				SWIFT_VERSION = 5.0;
				TARGETED_DEVICE_FAMILY = "1,2";
				jjjj = "";
			};
			name = Release;
		};
/* End XCBuildConfiguration section */

/* Begin XCConfigurationList section */
		1A1A1A1A1A1A1A1A1A1A1A10 /* Build configuration list for PBXNativeTarget "Tweet" */ = {
			isa = XCConfigurationList;
			buildConfigurations = (
				1A1A1A1A1A1A1A1A1A1A1A17 /* Debug */,
				1A1A1A1A1A1A1A1A1A1A1A18 /* Release */,
			);
			defaultConfigurationIsVisible = 0;
			defaultConfigurationName = Debug;
		};
		1A1A1A1A1A1A1A1A1A1A1A14 /* Build configuration list for PBXProject "Tweet" */ = {
			isa = XCConfigurationList;
			buildConfigurations = (
				1A1A1A1A1A1A1A1A1A1A1A15 /* Debug */,
				1A1A1A1A1A1A1A1A1A1A1A16 /* Release */,
			);
			defaultConfigurationIsVisible = 0;
			defaultConfigurationName = Debug;
		};
/* End XCConfigurationList section */

/* Begin XCVersionGroup section */
		469A99602DEF318C00954049 /* TweetModel.xcdatamodeld */ = {
			isa = XCVersionGroup;
			children = (
				469A99612DEF318C00954049 /* TweetModel.xcdatamodel */,
			);
			currentVersion = 469A99612DEF318C00954049 /* TweetModel.xcdatamodel */;
			path = TweetModel.xcdatamodeld;
			sourceTree = "<group>";
			versionGroupType = wrapper.xcdatamodel;
		};
/* End XCVersionGroup section */
	};
	rootObject = 1A1A1A1A1A1A1A1A1A1A1A13 /* Project object */;
}
